
Microsoft Visual Studio Solution File, Format Version 12.00
# Visual Studio 15
Project("{FAE04EC0-301F-11D3-BF4B-00C04F79EFBC}") = "Assembly-CSharp", "Assembly-CSharp.csproj", "{C6E6773E-BAC1-CABD-9BF2-F3B3B5BA98C9}"
EndProject
Project("{FAE04EC0-301F-11D3-BF4B-00C04F79EFBC}") = "Assembly-CSharp-Editor", "Assembly-CSharp-Editor.csproj", "{857B32BD-E4A1-11F2-968E-C7341C9575CC}"
EndProject
Project("{FAE04EC0-301F-11D3-BF4B-00C04F79EFBC}") = "FirebaseMessagingActivityGenerator", "FirebaseMessagingActivityGenerator.csproj", "{75DFF214-C257-FC12-89E5-F3406CAE8E3E}"
EndProject
Global
	GlobalSection(SolutionConfigurationPlatforms) = preSolution
		Debug|Any CPU = Debug|Any CPU
		Release|Any CPU = Release|Any CPU
	EndGlobalSection
	GlobalSection(ProjectConfigurationPlatforms) = postSolution
		{C6E6773E-BAC1-CABD-9BF2-F3B3B5BA98C9}.Debug|Any CPU.ActiveCfg = Debug|Any CPU
		{C6E6773E-BAC1-CABD-9BF2-F3B3B5BA98C9}.Debug|Any CPU.Build.0 = Debug|Any CPU
		{C6E6773E-BAC1-CABD-9BF2-F3B3B5BA98C9}.Release|Any CPU.ActiveCfg = Release|Any CPU
		{C6E6773E-BAC1-CABD-9BF2-F3B3B5BA98C9}.Release|Any CPU.Build.0 = Release|Any CPU
		{857B32BD-E4A1-11F2-968E-C7341C9575CC}.Debug|Any CPU.ActiveCfg = Debug|Any CPU
		{857B32BD-E4A1-11F2-968E-C7341C9575CC}.Debug|Any CPU.Build.0 = Debug|Any CPU
		{857B32BD-E4A1-11F2-968E-C7341C9575CC}.Release|Any CPU.ActiveCfg = Release|Any CPU
		{857B32BD-E4A1-11F2-968E-C7341C9575CC}.Release|Any CPU.Build.0 = Release|Any CPU
		{75DFF214-C257-FC12-89E5-F3406CAE8E3E}.Debug|Any CPU.ActiveCfg = Debug|Any CPU
		{75DFF214-C257-FC12-89E5-F3406CAE8E3E}.Debug|Any CPU.Build.0 = Debug|Any CPU
		{75DFF214-C257-FC12-89E5-F3406CAE8E3E}.Release|Any CPU.ActiveCfg = Release|Any CPU
		{75DFF214-C257-FC12-89E5-F3406CAE8E3E}.Release|Any CPU.Build.0 = Release|Any CPU
	EndGlobalSection
	GlobalSection(SolutionProperties) = preSolution
		HideSolutionNode = FALSE
	EndGlobalSection
EndGlobal
