
Microsoft Visual Studio Solution File, Format Version 12.00
# Visual Studio 15
Project("{FAE04EC0-301F-11D3-BF4B-00C04F79EFBC}") = "Assembly-CSharp-Editor", "Assembly-CSharp-Editor.csproj", "{1A167FCE-7E3E-AA88-CA13-39EE81B8D22B}"
EndProject
Project("{FAE04EC0-301F-11D3-BF4B-00C04F79EFBC}") = "Assembly-CSharp", "Assembly-CSharp.csproj", "{1CEAA51A-DEAB-121F-8C70-9BDC93906F8E}"
EndProject
Global
	GlobalSection(SolutionConfigurationPlatforms) = preSolution
		Debug|Any CPU = Debug|Any CPU
		Release|Any CPU = Release|Any CPU
	EndGlobalSection
	GlobalSection(ProjectConfigurationPlatforms) = postSolution
		{1A167FCE-7E3E-AA88-CA13-39EE81B8D22B}.Debug|Any CPU.ActiveCfg = Debug|Any CPU
		{1A167FCE-7E3E-AA88-CA13-39EE81B8D22B}.Debug|Any CPU.Build.0 = Debug|Any CPU
		{1A167FCE-7E3E-AA88-CA13-39EE81B8D22B}.Release|Any CPU.ActiveCfg = Release|Any CPU
		{1A167FCE-7E3E-AA88-CA13-39EE81B8D22B}.Release|Any CPU.Build.0 = Release|Any CPU
		{1CEAA51A-DEAB-121F-8C70-9BDC93906F8E}.Debug|Any CPU.ActiveCfg = Debug|Any CPU
		{1CEAA51A-DEAB-121F-8C70-9BDC93906F8E}.Debug|Any CPU.Build.0 = Debug|Any CPU
		{1CEAA51A-DEAB-121F-8C70-9BDC93906F8E}.Release|Any CPU.ActiveCfg = Release|Any CPU
		{1CEAA51A-DEAB-121F-8C70-9BDC93906F8E}.Release|Any CPU.Build.0 = Release|Any CPU
	EndGlobalSection
	GlobalSection(SolutionProperties) = preSolution
		HideSolutionNode = FALSE
	EndGlobalSection
EndGlobal
