
Microsoft Visual Studio Solution File, Format Version 12.00
# Visual Studio 15
Project("{FAE04EC0-301F-11D3-BF4B-00C04F79EFBC}") = "Assembly-CSharp", "Assembly-CSharp.csproj", "{1458685C-BE9F-A08B-E6AD-694D70B89738}"
EndProject
Project("{FAE04EC0-301F-11D3-BF4B-00C04F79EFBC}") = "Assembly-CSharp-Editor", "Assembly-CSharp-Editor.csproj", "{BFD4E92B-2F6B-E5A9-6647-335492955540}"
EndProject
Global
	GlobalSection(SolutionConfigurationPlatforms) = preSolution
		Debug|Any CPU = Debug|Any CPU
		Release|Any CPU = Release|Any CPU
	EndGlobalSection
	GlobalSection(ProjectConfigurationPlatforms) = postSolution
		{1458685C-BE9F-A08B-E6AD-694D70B89738}.Debug|Any CPU.ActiveCfg = Debug|Any CPU
		{1458685C-BE9F-A08B-E6AD-694D70B89738}.Debug|Any CPU.Build.0 = Debug|Any CPU
		{1458685C-BE9F-A08B-E6AD-694D70B89738}.Release|Any CPU.ActiveCfg = Release|Any CPU
		{1458685C-BE9F-A08B-E6AD-694D70B89738}.Release|Any CPU.Build.0 = Release|Any CPU
		{BFD4E92B-2F6B-E5A9-6647-335492955540}.Debug|Any CPU.ActiveCfg = Debug|Any CPU
		{BFD4E92B-2F6B-E5A9-6647-335492955540}.Debug|Any CPU.Build.0 = Debug|Any CPU
		{BFD4E92B-2F6B-E5A9-6647-335492955540}.Release|Any CPU.ActiveCfg = Release|Any CPU
		{BFD4E92B-2F6B-E5A9-6647-335492955540}.Release|Any CPU.Build.0 = Release|Any CPU
	EndGlobalSection
	GlobalSection(SolutionProperties) = preSolution
		HideSolutionNode = FALSE
	EndGlobalSection
EndGlobal
