// !$*UTF8*$!
{
	archiveVersion = 1;
	classes = {
	};
	objectVersion = 56;
	objects = {

/* Begin PBXBuildFile section */
		5BC6DE0A2BF0A7A10031650B /* OrbitalApp.swift in Sources */ = {isa = PBXBuildFile; fileRef = 5BC6DE092BF0A7A10031650B /* OrbitalApp.swift */; };
		5BC6DE0E2BF0A7A40031650B /* Assets.xcassets in Resources */ = {isa = PBXBuildFile; fileRef = 5BC6DE0D2BF0A7A40031650B /* Assets.xcassets */; };
		5BC6DE112BF0A7A40031650B /* Preview Assets.xcassets in Resources */ = {isa = PBXBuildFile; fileRef = 5BC6DE102BF0A7A40031650B /* Preview Assets.xcassets */; };
		5BC6DE132BF0A7A40031650B /* Persistence.swift in Sources */ = {isa = PBXBuildFile; fileRef = 5BC6DE122BF0A7A40031650B /* Persistence.swift */; };
		5BC6DE162BF0A7A40031650B /* Orbital.xcdatamodeld in Sources */ = {isa = PBXBuildFile; fileRef = 5BC6DE142BF0A7A40031650B /* Orbital.xcdatamodeld */; };
		5BC6DE202BF0A7A40031650B /* OrbitalTests.swift in Sources */ = {isa = PBXBuildFile; fileRef = 5BC6DE1F2BF0A7A40031650B /* OrbitalTests.swift */; };
		5BC6DE2A2BF0A7A40031650B /* OrbitalUITests.swift in Sources */ = {isa = PBXBuildFile; fileRef = 5BC6DE292BF0A7A40031650B /* OrbitalUITests.swift */; };
		5BC6DE2C2BF0A7A40031650B /* OrbitalUITestsLaunchTests.swift in Sources */ = {isa = PBXBuildFile; fileRef = 5BC6DE2B2BF0A7A40031650B /* OrbitalUITestsLaunchTests.swift */; };
		5BC6DE3C2BF0AC470031650B /* AuthService.swift in Sources */ = {isa = PBXBuildFile; fileRef = 5BC6DE3B2BF0AC470031650B /* AuthService.swift */; };
		5BC6DE3E2BF0ACA90031650B /* Constants.swift in Sources */ = {isa = PBXBuildFile; fileRef = 5BC6DE3D2BF0ACA90031650B /* Constants.swift */; };
		5BC6DE412BF0C1270031650B /* RegisterView.swift in Sources */ = {isa = PBXBuildFile; fileRef = 5BC6DE402BF0C1270031650B /* RegisterView.swift */; };
		5BC6DE432BF0C3AB0031650B /* ContentView.swift in Sources */ = {isa = PBXBuildFile; fileRef = 5BC6DE422BF0C3AB0031650B /* ContentView.swift */; };
		5BC6DE452BF0C3CF0031650B /* SignInView.swift in Sources */ = {isa = PBXBuildFile; fileRef = 5BC6DE442BF0C3CF0031650B /* SignInView.swift */; };
		B5110A0C2BFB81F000208FC4 /* LocationManager.swift in Sources */ = {isa = PBXBuildFile; fileRef = B5110A0B2BFB81F000208FC4 /* LocationManager.swift */; };
		B5110A532BFC762100208FC4 /* FirebaseAnalytics in Frameworks */ = {isa = PBXBuildFile; productRef = B5110A522BFC762100208FC4 /* FirebaseAnalytics */; };
		B5110A552BFC762100208FC4 /* FirebaseAnalyticsOnDeviceConversion in Frameworks */ = {isa = PBXBuildFile; productRef = B5110A542BFC762100208FC4 /* FirebaseAnalyticsOnDeviceConversion */; };
		B5110A572BFC762100208FC4 /* FirebaseAnalyticsSwift in Frameworks */ = {isa = PBXBuildFile; productRef = B5110A562BFC762100208FC4 /* FirebaseAnalyticsSwift */; };
		B5110A592BFC762100208FC4 /* FirebaseAnalyticsWithoutAdIdSupport in Frameworks */ = {isa = PBXBuildFile; productRef = B5110A582BFC762100208FC4 /* FirebaseAnalyticsWithoutAdIdSupport */; };
		B5110A5B2BFC762100208FC4 /* FirebaseAppCheck in Frameworks */ = {isa = PBXBuildFile; productRef = B5110A5A2BFC762100208FC4 /* FirebaseAppCheck */; };
		B5110A5D2BFC762100208FC4 /* FirebaseAppDistribution-Beta in Frameworks */ = {isa = PBXBuildFile; productRef = B5110A5C2BFC762100208FC4 /* FirebaseAppDistribution-Beta */; };
		B5110A5F2BFC762100208FC4 /* FirebaseAuth in Frameworks */ = {isa = PBXBuildFile; productRef = B5110A5E2BFC762100208FC4 /* FirebaseAuth */; };
		B5110A612BFC762100208FC4 /* FirebaseAuthCombine-Community in Frameworks */ = {isa = PBXBuildFile; productRef = B5110A602BFC762100208FC4 /* FirebaseAuthCombine-Community */; };
		B5110A632BFC762100208FC4 /* FirebaseCrashlytics in Frameworks */ = {isa = PBXBuildFile; productRef = B5110A622BFC762100208FC4 /* FirebaseCrashlytics */; };
		B5110A652BFC762100208FC4 /* FirebaseDatabase in Frameworks */ = {isa = PBXBuildFile; productRef = B5110A642BFC762100208FC4 /* FirebaseDatabase */; };
		B5110A672BFC762100208FC4 /* FirebaseDatabaseSwift in Frameworks */ = {isa = PBXBuildFile; productRef = B5110A662BFC762100208FC4 /* FirebaseDatabaseSwift */; };
		B5110A692BFC762100208FC4 /* FirebaseDynamicLinks in Frameworks */ = {isa = PBXBuildFile; productRef = B5110A682BFC762100208FC4 /* FirebaseDynamicLinks */; };
		B5110A6B2BFC762100208FC4 /* FirebaseFirestore in Frameworks */ = {isa = PBXBuildFile; productRef = B5110A6A2BFC762100208FC4 /* FirebaseFirestore */; };
		B5110A6D2BFC762100208FC4 /* FirebaseFirestoreCombine-Community in Frameworks */ = {isa = PBXBuildFile; productRef = B5110A6C2BFC762100208FC4 /* FirebaseFirestoreCombine-Community */; };
		B5110A6F2BFC762100208FC4 /* FirebaseFirestoreSwift in Frameworks */ = {isa = PBXBuildFile; productRef = B5110A6E2BFC762100208FC4 /* FirebaseFirestoreSwift */; };
		B5110A712BFC762100208FC4 /* FirebaseFunctions in Frameworks */ = {isa = PBXBuildFile; productRef = B5110A702BFC762100208FC4 /* FirebaseFunctions */; };
		B5110A732BFC762100208FC4 /* FirebaseFunctionsCombine-Community in Frameworks */ = {isa = PBXBuildFile; productRef = B5110A722BFC762100208FC4 /* FirebaseFunctionsCombine-Community */; };
		B5110A752BFC762100208FC4 /* FirebaseInAppMessaging-Beta in Frameworks */ = {isa = PBXBuildFile; productRef = B5110A742BFC762100208FC4 /* FirebaseInAppMessaging-Beta */; };
		B5110A772BFC762100208FC4 /* FirebaseInAppMessagingSwift-Beta in Frameworks */ = {isa = PBXBuildFile; productRef = B5110A762BFC762100208FC4 /* FirebaseInAppMessagingSwift-Beta */; };
		B5110A792BFC762100208FC4 /* FirebaseInstallations in Frameworks */ = {isa = PBXBuildFile; productRef = B5110A782BFC762100208FC4 /* FirebaseInstallations */; };
		B5110A7B2BFC762100208FC4 /* FirebaseMLModelDownloader in Frameworks */ = {isa = PBXBuildFile; productRef = B5110A7A2BFC762100208FC4 /* FirebaseMLModelDownloader */; };
		B5110A7D2BFC762100208FC4 /* FirebaseMessaging in Frameworks */ = {isa = PBXBuildFile; productRef = B5110A7C2BFC762100208FC4 /* FirebaseMessaging */; };
		B5110A7F2BFC762100208FC4 /* FirebasePerformance in Frameworks */ = {isa = PBXBuildFile; productRef = B5110A7E2BFC762100208FC4 /* FirebasePerformance */; };
		B5110A812BFC762100208FC4 /* FirebaseRemoteConfig in Frameworks */ = {isa = PBXBuildFile; productRef = B5110A802BFC762100208FC4 /* FirebaseRemoteConfig */; };
		B5110A832BFC762100208FC4 /* FirebaseRemoteConfigSwift in Frameworks */ = {isa = PBXBuildFile; productRef = B5110A822BFC762100208FC4 /* FirebaseRemoteConfigSwift */; };
		B5110A852BFC762100208FC4 /* FirebaseStorage in Frameworks */ = {isa = PBXBuildFile; productRef = B5110A842BFC762100208FC4 /* FirebaseStorage */; };
		B5110A872BFC762100208FC4 /* FirebaseStorageCombine-Community in Frameworks */ = {isa = PBXBuildFile; productRef = B5110A862BFC762100208FC4 /* FirebaseStorageCombine-Community */; };
		B5110A892BFC762100208FC4 /* FirebaseVertexAI-Preview in Frameworks */ = {isa = PBXBuildFile; productRef = B5110A882BFC762100208FC4 /* FirebaseVertexAI-Preview */; };
		B5110A8B2BFC776D00208FC4 /* FirebaseMessaging.swift in Sources */ = {isa = PBXBuildFile; fileRef = B5110A8A2BFC776D00208FC4 /* FirebaseMessaging.swift */; };
		B5110A8D2BFC777B00208FC4 /* FirebaseStorage.swift in Sources */ = {isa = PBXBuildFile; fileRef = B5110A8C2BFC777B00208FC4 /* FirebaseStorage.swift */; };
		B5110A902BFC7CAB00208FC4 /* ChatView.swift in Sources */ = {isa = PBXBuildFile; fileRef = B5110A8F2BFC7CAB00208FC4 /* ChatView.swift */; };
		B56F74772BF62F370048447E /* Cart.swift in Sources */ = {isa = PBXBuildFile; fileRef = B56F74762BF62F370048447E /* Cart.swift */; };
		B56F74792BF62FFC0048447E /* FurnitureMarket.swift in Sources */ = {isa = PBXBuildFile; fileRef = B56F74782BF62FFC0048447E /* FurnitureMarket.swift */; };
		B56F74862BF631DB0048447E /* GoogleService-Info.plist in Resources */ = {isa = PBXBuildFile; fileRef = B56F74852BF631DB0048447E /* GoogleService-Info.plist */; };
		B56F74882BF632330048447E /* MainMapView.swift in Sources */ = {isa = PBXBuildFile; fileRef = B56F74872BF632330048447E /* MainMapView.swift */; };
		B56F748D2BF632B70048447E /* MyIsland.swift in Sources */ = {isa = PBXBuildFile; fileRef = B56F748C2BF632B70048447E /* MyIsland.swift */; };
		B56F74952BF63F8C0048447E /* LaunchScreen.storyboard in Resources */ = {isa = PBXBuildFile; fileRef = B56F74942BF63F8C0048447E /* LaunchScreen.storyboard */; };
		B5C92A532BF7CF1C00121E42 /* MyAssets.swift in Sources */ = {isa = PBXBuildFile; fileRef = B5C92A522BF7CF1C00121E42 /* MyAssets.swift */; };
		B5C92A562BF7CFA300121E42 /* Purchase.swift in Sources */ = {isa = PBXBuildFile; fileRef = B5C92A552BF7CFA300121E42 /* Purchase.swift */; };
		B5C92A582BF7CFB800121E42 /* Asset.swift in Sources */ = {isa = PBXBuildFile; fileRef = B5C92A572BF7CFB800121E42 /* Asset.swift */; };
		B5C92A5A2BF7D69C00121E42 /* AssetView.swift in Sources */ = {isa = PBXBuildFile; fileRef = B5C92A592BF7D69C00121E42 /* AssetView.swift */; };
		B5C92A5C2BF7D6E600121E42 /* PurchaseResponse.swift in Sources */ = {isa = PBXBuildFile; fileRef = B5C92A5B2BF7D6E600121E42 /* PurchaseResponse.swift */; };
		B5C92A5E2BF7D79100121E42 /* TopUpWallet.swift in Sources */ = {isa = PBXBuildFile; fileRef = B5C92A5D2BF7D79100121E42 /* TopUpWallet.swift */; };
		B5C92A662BF879C300121E42 /* COM1.swift in Sources */ = {isa = PBXBuildFile; fileRef = B5C92A652BF879C300121E42 /* COM1.swift */; };
		B5C92A682BF879CF00121E42 /* COM2.swift in Sources */ = {isa = PBXBuildFile; fileRef = B5C92A672BF879CF00121E42 /* COM2.swift */; };
		B5C92A6B2BF879E000121E42 /* COM3.swift in Sources */ = {isa = PBXBuildFile; fileRef = B5C92A6A2BF879E000121E42 /* COM3.swift */; };
		B5C92A6D2BF879F900121E42 /* SRC.swift in Sources */ = {isa = PBXBuildFile; fileRef = B5C92A6C2BF879F900121E42 /* SRC.swift */; };
		B5C92A6F2BF87A0300121E42 /* ERC.swift in Sources */ = {isa = PBXBuildFile; fileRef = B5C92A6E2BF87A0300121E42 /* ERC.swift */; };
		B5C92A712BF87A1300121E42 /* RC4.swift in Sources */ = {isa = PBXBuildFile; fileRef = B5C92A702BF87A1300121E42 /* RC4.swift */; };
		B5C92A732BF87A2700121E42 /* Finefood.swift in Sources */ = {isa = PBXBuildFile; fileRef = B5C92A722BF87A2700121E42 /* Finefood.swift */; };
		B5C92A752BF88A6E00121E42 /* market.storyboard in Resources */ = {isa = PBXBuildFile; fileRef = B5C92A742BF88A6E00121E42 /* market.storyboard */; };
		B5C92A772BF88D8900121E42 /* SplashScreenView.swift in Sources */ = {isa = PBXBuildFile; fileRef = B5C92A762BF88D8900121E42 /* SplashScreenView.swift */; };
		B5FE65942BFD0BF8000D375A /* FirebaseAnonymousAuthUI in Frameworks */ = {isa = PBXBuildFile; productRef = B5FE65932BFD0BF8000D375A /* FirebaseAnonymousAuthUI */; };
		B5FE65962BFD0BF9000D375A /* FirebaseAuthUI in Frameworks */ = {isa = PBXBuildFile; productRef = B5FE65952BFD0BF9000D375A /* FirebaseAuthUI */; };
		B5FE65982BFD0BF9000D375A /* FirebaseDatabaseUI in Frameworks */ = {isa = PBXBuildFile; productRef = B5FE65972BFD0BF9000D375A /* FirebaseDatabaseUI */; };
		B5FE659A2BFD0BF9000D375A /* FirebaseEmailAuthUI in Frameworks */ = {isa = PBXBuildFile; productRef = B5FE65992BFD0BF9000D375A /* FirebaseEmailAuthUI */; };
		B5FE659C2BFD0BF9000D375A /* FirebaseFacebookAuthUI in Frameworks */ = {isa = PBXBuildFile; productRef = B5FE659B2BFD0BF9000D375A /* FirebaseFacebookAuthUI */; };
		B5FE659E2BFD0BF9000D375A /* FirebaseFirestoreUI in Frameworks */ = {isa = PBXBuildFile; productRef = B5FE659D2BFD0BF9000D375A /* FirebaseFirestoreUI */; };
		B5FE65A02BFD0BF9000D375A /* FirebaseGoogleAuthUI in Frameworks */ = {isa = PBXBuildFile; productRef = B5FE659F2BFD0BF9000D375A /* FirebaseGoogleAuthUI */; };
		B5FE65A22BFD0BF9000D375A /* FirebaseOAuthUI in Frameworks */ = {isa = PBXBuildFile; productRef = B5FE65A12BFD0BF9000D375A /* FirebaseOAuthUI */; };
		B5FE65A42BFD0BF9000D375A /* FirebasePhoneAuthUI in Frameworks */ = {isa = PBXBuildFile; productRef = B5FE65A32BFD0BF9000D375A /* FirebasePhoneAuthUI */; };
		B5FE65A62BFD0BF9000D375A /* FirebaseStorageUI in Frameworks */ = {isa = PBXBuildFile; productRef = B5FE65A52BFD0BF9000D375A /* FirebaseStorageUI */; };
/* End PBXBuildFile section */

/* Begin PBXContainerItemProxy section */
		5BC6DE1C2BF0A7A40031650B /* PBXContainerItemProxy */ = {
			isa = PBXContainerItemProxy;
			containerPortal = 5BC6DDFE2BF0A7A10031650B /* Project object */;
			proxyType = 1;
			remoteGlobalIDString = 5BC6DE052BF0A7A10031650B;
			remoteInfo = Orbital;
		};
		5BC6DE262BF0A7A40031650B /* PBXContainerItemProxy */ = {
			isa = PBXContainerItemProxy;
			containerPortal = 5BC6DDFE2BF0A7A10031650B /* Project object */;
			proxyType = 1;
			remoteGlobalIDString = 5BC6DE052BF0A7A10031650B;
			remoteInfo = Orbital;
		};
/* End PBXContainerItemProxy section */

/* Begin PBXFileReference section */
		5BC6DE062BF0A7A10031650B /* Orbital.app */ = {isa = PBXFileReference; explicitFileType = wrapper.application; includeInIndex = 0; path = Orbital.app; sourceTree = BUILT_PRODUCTS_DIR; };
		5BC6DE092BF0A7A10031650B /* OrbitalApp.swift */ = {isa = PBXFileReference; lastKnownFileType = sourcecode.swift; path = OrbitalApp.swift; sourceTree = "<group>"; };
		5BC6DE0D2BF0A7A40031650B /* Assets.xcassets */ = {isa = PBXFileReference; lastKnownFileType = folder.assetcatalog; path = Assets.xcassets; sourceTree = "<group>"; };
		5BC6DE102BF0A7A40031650B /* Preview Assets.xcassets */ = {isa = PBXFileReference; lastKnownFileType = folder.assetcatalog; path = "Preview Assets.xcassets"; sourceTree = "<group>"; };
		5BC6DE122BF0A7A40031650B /* Persistence.swift */ = {isa = PBXFileReference; lastKnownFileType = sourcecode.swift; path = Persistence.swift; sourceTree = "<group>"; };
		5BC6DE152BF0A7A40031650B /* Orbital.xcdatamodel */ = {isa = PBXFileReference; lastKnownFileType = wrapper.xcdatamodel; path = Orbital.xcdatamodel; sourceTree = "<group>"; };
		5BC6DE1B2BF0A7A40031650B /* OrbitalTests.xctest */ = {isa = PBXFileReference; explicitFileType = wrapper.cfbundle; includeInIndex = 0; path = OrbitalTests.xctest; sourceTree = BUILT_PRODUCTS_DIR; };
		5BC6DE1F2BF0A7A40031650B /* OrbitalTests.swift */ = {isa = PBXFileReference; lastKnownFileType = sourcecode.swift; path = OrbitalTests.swift; sourceTree = "<group>"; };
		5BC6DE252BF0A7A40031650B /* OrbitalUITests.xctest */ = {isa = PBXFileReference; explicitFileType = wrapper.cfbundle; includeInIndex = 0; path = OrbitalUITests.xctest; sourceTree = BUILT_PRODUCTS_DIR; };
		5BC6DE292BF0A7A40031650B /* OrbitalUITests.swift */ = {isa = PBXFileReference; lastKnownFileType = sourcecode.swift; path = OrbitalUITests.swift; sourceTree = "<group>"; };
		5BC6DE2B2BF0A7A40031650B /* OrbitalUITestsLaunchTests.swift */ = {isa = PBXFileReference; lastKnownFileType = sourcecode.swift; path = OrbitalUITestsLaunchTests.swift; sourceTree = "<group>"; };
		5BC6DE3B2BF0AC470031650B /* AuthService.swift */ = {isa = PBXFileReference; lastKnownFileType = sourcecode.swift; path = AuthService.swift; sourceTree = "<group>"; };
		5BC6DE3D2BF0ACA90031650B /* Constants.swift */ = {isa = PBXFileReference; lastKnownFileType = sourcecode.swift; path = Constants.swift; sourceTree = "<group>"; };
		5BC6DE402BF0C1270031650B /* RegisterView.swift */ = {isa = PBXFileReference; lastKnownFileType = sourcecode.swift; path = RegisterView.swift; sourceTree = "<group>"; };
		5BC6DE422BF0C3AB0031650B /* ContentView.swift */ = {isa = PBXFileReference; lastKnownFileType = sourcecode.swift; path = ContentView.swift; sourceTree = "<group>"; };
		5BC6DE442BF0C3CF0031650B /* SignInView.swift */ = {isa = PBXFileReference; lastKnownFileType = sourcecode.swift; path = SignInView.swift; sourceTree = "<group>"; };
		B5110A0B2BFB81F000208FC4 /* LocationManager.swift */ = {isa = PBXFileReference; lastKnownFileType = sourcecode.swift; path = LocationManager.swift; sourceTree = "<group>"; };
		B5110A8A2BFC776D00208FC4 /* FirebaseMessaging.swift */ = {isa = PBXFileReference; lastKnownFileType = sourcecode.swift; path = FirebaseMessaging.swift; sourceTree = "<group>"; };
		B5110A8C2BFC777B00208FC4 /* FirebaseStorage.swift */ = {isa = PBXFileReference; lastKnownFileType = sourcecode.swift; path = FirebaseStorage.swift; sourceTree = "<group>"; };
		B5110A8F2BFC7CAB00208FC4 /* ChatView.swift */ = {isa = PBXFileReference; lastKnownFileType = sourcecode.swift; path = ChatView.swift; sourceTree = "<group>"; };
		B56F74762BF62F370048447E /* Cart.swift */ = {isa = PBXFileReference; lastKnownFileType = sourcecode.swift; path = Cart.swift; sourceTree = "<group>"; };
		B56F74782BF62FFC0048447E /* FurnitureMarket.swift */ = {isa = PBXFileReference; lastKnownFileType = sourcecode.swift; path = FurnitureMarket.swift; sourceTree = "<group>"; };
		B56F74852BF631DB0048447E /* GoogleService-Info.plist */ = {isa = PBXFileReference; fileEncoding = 4; lastKnownFileType = text.plist.xml; path = "GoogleService-Info.plist"; sourceTree = "<group>"; };
		B56F74872BF632330048447E /* MainMapView.swift */ = {isa = PBXFileReference; lastKnownFileType = sourcecode.swift; path = MainMapView.swift; sourceTree = "<group>"; };
		B56F748C2BF632B70048447E /* MyIsland.swift */ = {isa = PBXFileReference; lastKnownFileType = sourcecode.swift; path = MyIsland.swift; sourceTree = "<group>"; };
		B56F74942BF63F8C0048447E /* LaunchScreen.storyboard */ = {isa = PBXFileReference; lastKnownFileType = file.storyboard; path = LaunchScreen.storyboard; sourceTree = "<group>"; };
		B5C92A522BF7CF1C00121E42 /* MyAssets.swift */ = {isa = PBXFileReference; lastKnownFileType = sourcecode.swift; path = MyAssets.swift; sourceTree = "<group>"; };
		B5C92A552BF7CFA300121E42 /* Purchase.swift */ = {isa = PBXFileReference; lastKnownFileType = sourcecode.swift; path = Purchase.swift; sourceTree = "<group>"; };
		B5C92A572BF7CFB800121E42 /* Asset.swift */ = {isa = PBXFileReference; lastKnownFileType = sourcecode.swift; path = Asset.swift; sourceTree = "<group>"; };
		B5C92A592BF7D69C00121E42 /* AssetView.swift */ = {isa = PBXFileReference; lastKnownFileType = sourcecode.swift; path = AssetView.swift; sourceTree = "<group>"; };
		B5C92A5B2BF7D6E600121E42 /* PurchaseResponse.swift */ = {isa = PBXFileReference; lastKnownFileType = sourcecode.swift; path = PurchaseResponse.swift; sourceTree = "<group>"; };
		B5C92A5D2BF7D79100121E42 /* TopUpWallet.swift */ = {isa = PBXFileReference; lastKnownFileType = sourcecode.swift; path = TopUpWallet.swift; sourceTree = "<group>"; };
		B5C92A652BF879C300121E42 /* COM1.swift */ = {isa = PBXFileReference; lastKnownFileType = sourcecode.swift; path = COM1.swift; sourceTree = "<group>"; };
		B5C92A672BF879CF00121E42 /* COM2.swift */ = {isa = PBXFileReference; lastKnownFileType = sourcecode.swift; path = COM2.swift; sourceTree = "<group>"; };
		B5C92A6A2BF879E000121E42 /* COM3.swift */ = {isa = PBXFileReference; lastKnownFileType = sourcecode.swift; path = COM3.swift; sourceTree = "<group>"; };
		B5C92A6C2BF879F900121E42 /* SRC.swift */ = {isa = PBXFileReference; lastKnownFileType = sourcecode.swift; path = SRC.swift; sourceTree = "<group>"; };
		B5C92A6E2BF87A0300121E42 /* ERC.swift */ = {isa = PBXFileReference; lastKnownFileType = sourcecode.swift; path = ERC.swift; sourceTree = "<group>"; };
		B5C92A702BF87A1300121E42 /* RC4.swift */ = {isa = PBXFileReference; lastKnownFileType = sourcecode.swift; path = RC4.swift; sourceTree = "<group>"; };
		B5C92A722BF87A2700121E42 /* Finefood.swift */ = {isa = PBXFileReference; lastKnownFileType = sourcecode.swift; path = Finefood.swift; sourceTree = "<group>"; };
		B5C92A742BF88A6E00121E42 /* market.storyboard */ = {isa = PBXFileReference; lastKnownFileType = file.storyboard; name = market.storyboard; path = Orbital/Views/FurnitureMarket/market.storyboard; sourceTree = SOURCE_ROOT; };
		B5C92A762BF88D8900121E42 /* SplashScreenView.swift */ = {isa = PBXFileReference; lastKnownFileType = sourcecode.swift; path = SplashScreenView.swift; sourceTree = "<group>"; };
		B5C92A782BF8904400121E42 /* Info.plist */ = {isa = PBXFileReference; lastKnownFileType = text.plist; path = Info.plist; sourceTree = "<group>"; };
/* End PBXFileReference section */

/* Begin PBXFrameworksBuildPhase section */
		5BC6DE032BF0A7A10031650B /* Frameworks */ = {
			isa = PBXFrameworksBuildPhase;
			buildActionMask = 2147483647;
			files = (
				B5110A652BFC762100208FC4 /* FirebaseDatabase in Frameworks */,
				B5FE65A62BFD0BF9000D375A /* FirebaseStorageUI in Frameworks */,
				B5110A732BFC762100208FC4 /* FirebaseFunctionsCombine-Community in Frameworks */,
				B5110A6B2BFC762100208FC4 /* FirebaseFirestore in Frameworks */,
				B5110A572BFC762100208FC4 /* FirebaseAnalyticsSwift in Frameworks */,
				B5FE65A42BFD0BF9000D375A /* FirebasePhoneAuthUI in Frameworks */,
				B5110A532BFC762100208FC4 /* FirebaseAnalytics in Frameworks */,
				B5110A552BFC762100208FC4 /* FirebaseAnalyticsOnDeviceConversion in Frameworks */,
				B5110A7B2BFC762100208FC4 /* FirebaseMLModelDownloader in Frameworks */,
				B5FE65A22BFD0BF9000D375A /* FirebaseOAuthUI in Frameworks */,
				B5110A6F2BFC762100208FC4 /* FirebaseFirestoreSwift in Frameworks */,
				B5FE65942BFD0BF8000D375A /* FirebaseAnonymousAuthUI in Frameworks */,
				B5110A5B2BFC762100208FC4 /* FirebaseAppCheck in Frameworks */,
				B5FE65A02BFD0BF9000D375A /* FirebaseGoogleAuthUI in Frameworks */,
				B5FE65982BFD0BF9000D375A /* FirebaseDatabaseUI in Frameworks */,
				B5110A592BFC762100208FC4 /* FirebaseAnalyticsWithoutAdIdSupport in Frameworks */,
				B5FE659A2BFD0BF9000D375A /* FirebaseEmailAuthUI in Frameworks */,
				B5FE659C2BFD0BF9000D375A /* FirebaseFacebookAuthUI in Frameworks */,
				B5110A5F2BFC762100208FC4 /* FirebaseAuth in Frameworks */,
				B5110A632BFC762100208FC4 /* FirebaseCrashlytics in Frameworks */,
				B5110A832BFC762100208FC4 /* FirebaseRemoteConfigSwift in Frameworks */,
				B5110A752BFC762100208FC4 /* FirebaseInAppMessaging-Beta in Frameworks */,
				B5110A672BFC762100208FC4 /* FirebaseDatabaseSwift in Frameworks */,
				B5FE659E2BFD0BF9000D375A /* FirebaseFirestoreUI in Frameworks */,
				B5110A712BFC762100208FC4 /* FirebaseFunctions in Frameworks */,
				B5110A872BFC762100208FC4 /* FirebaseStorageCombine-Community in Frameworks */,
				B5110A812BFC762100208FC4 /* FirebaseRemoteConfig in Frameworks */,
				B5FE65962BFD0BF9000D375A /* FirebaseAuthUI in Frameworks */,
				B5110A5D2BFC762100208FC4 /* FirebaseAppDistribution-Beta in Frameworks */,
				B5110A612BFC762100208FC4 /* FirebaseAuthCombine-Community in Frameworks */,
				B5110A7F2BFC762100208FC4 /* FirebasePerformance in Frameworks */,
				B5110A772BFC762100208FC4 /* FirebaseInAppMessagingSwift-Beta in Frameworks */,
				B5110A852BFC762100208FC4 /* FirebaseStorage in Frameworks */,
				B5110A692BFC762100208FC4 /* FirebaseDynamicLinks in Frameworks */,
				B5110A892BFC762100208FC4 /* FirebaseVertexAI-Preview in Frameworks */,
				B5110A6D2BFC762100208FC4 /* FirebaseFirestoreCombine-Community in Frameworks */,
				B5110A7D2BFC762100208FC4 /* FirebaseMessaging in Frameworks */,
				B5110A792BFC762100208FC4 /* FirebaseInstallations in Frameworks */,
			);
			runOnlyForDeploymentPostprocessing = 0;
		};
		5BC6DE182BF0A7A40031650B /* Frameworks */ = {
			isa = PBXFrameworksBuildPhase;
			buildActionMask = 2147483647;
			files = (
			);
			runOnlyForDeploymentPostprocessing = 0;
		};
		5BC6DE222BF0A7A40031650B /* Frameworks */ = {
			isa = PBXFrameworksBuildPhase;
			buildActionMask = 2147483647;
			files = (
			);
			runOnlyForDeploymentPostprocessing = 0;
		};
/* End PBXFrameworksBuildPhase section */

/* Begin PBXGroup section */
		5BC6DDFD2BF0A7A10031650B = {
			isa = PBXGroup;
			children = (
				5BC6DE082BF0A7A10031650B /* Orbital */,
				5BC6DE1E2BF0A7A40031650B /* OrbitalTests */,
				5BC6DE282BF0A7A40031650B /* OrbitalUITests */,
				5BC6DE072BF0A7A10031650B /* Products */,
			);
			sourceTree = "<group>";
		};
		5BC6DE072BF0A7A10031650B /* Products */ = {
			isa = PBXGroup;
			children = (
				5BC6DE062BF0A7A10031650B /* Orbital.app */,
				5BC6DE1B2BF0A7A40031650B /* OrbitalTests.xctest */,
				5BC6DE252BF0A7A40031650B /* OrbitalUITests.xctest */,
			);
			name = Products;
			sourceTree = "<group>";
		};
		5BC6DE082BF0A7A10031650B /* Orbital */ = {
			isa = PBXGroup;
			children = (
				B5C92A782BF8904400121E42 /* Info.plist */,
				B5C92A542BF7CF6400121E42 /* Models */,
				B56F74852BF631DB0048447E /* GoogleService-Info.plist */,
				5BC6DE3F2BF0C0F80031650B /* Views */,
				5BC6DE3A2BF0AC130031650B /* Services */,
				5BC6DE3D2BF0ACA90031650B /* Constants.swift */,
				5BC6DE422BF0C3AB0031650B /* ContentView.swift */,
				B5AC287B2BFAD928006FB264 /* src */,
				B56F74942BF63F8C0048447E /* LaunchScreen.storyboard */,
				5BC6DE092BF0A7A10031650B /* OrbitalApp.swift */,
				5BC6DE0D2BF0A7A40031650B /* Assets.xcassets */,
				5BC6DE122BF0A7A40031650B /* Persistence.swift */,
				5BC6DE142BF0A7A40031650B /* Orbital.xcdatamodeld */,
				5BC6DE0F2BF0A7A40031650B /* Preview Content */,
			);
			path = Orbital;
			sourceTree = "<group>";
		};
		5BC6DE0F2BF0A7A40031650B /* Preview Content */ = {
			isa = PBXGroup;
			children = (
				5BC6DE102BF0A7A40031650B /* Preview Assets.xcassets */,
			);
			path = "Preview Content";
			sourceTree = "<group>";
		};
		5BC6DE1E2BF0A7A40031650B /* OrbitalTests */ = {
			isa = PBXGroup;
			children = (
				5BC6DE1F2BF0A7A40031650B /* OrbitalTests.swift */,
			);
			path = OrbitalTests;
			sourceTree = "<group>";
		};
		5BC6DE282BF0A7A40031650B /* OrbitalUITests */ = {
			isa = PBXGroup;
			children = (
				5BC6DE292BF0A7A40031650B /* OrbitalUITests.swift */,
				5BC6DE2B2BF0A7A40031650B /* OrbitalUITestsLaunchTests.swift */,
			);
			path = OrbitalUITests;
			sourceTree = "<group>";
		};
		5BC6DE3A2BF0AC130031650B /* Services */ = {
			isa = PBXGroup;
			children = (
				5BC6DE3B2BF0AC470031650B /* AuthService.swift */,
				B5110A0B2BFB81F000208FC4 /* LocationManager.swift */,
				B5110A8A2BFC776D00208FC4 /* FirebaseMessaging.swift */,
				B5110A8C2BFC777B00208FC4 /* FirebaseStorage.swift */,
			);
			path = Services;
			sourceTree = "<group>";
		};
		5BC6DE3F2BF0C0F80031650B /* Views */ = {
			isa = PBXGroup;
			children = (
				B5110A8E2BFC7C9C00208FC4 /* Community */,
				B56F74922BF63F000048447E /* Launch */,
				B5C92A612BF8792100121E42 /* Venues */,
				B56F74932BF63F110048447E /* Main */,
				B56F748B2BF632900048447E /* UserProfile */,
				B56F74892BF632500048447E /* FurnitureMarket */,
			);
			path = Views;
			sourceTree = "<group>";
		};
		B5110A8E2BFC7C9C00208FC4 /* Community */ = {
			isa = PBXGroup;
			children = (
				B5110A8F2BFC7CAB00208FC4 /* ChatView.swift */,
			);
			path = Community;
			sourceTree = "<group>";
		};
		B56F74892BF632500048447E /* FurnitureMarket */ = {
			isa = PBXGroup;
			children = (
				B5C92A742BF88A6E00121E42 /* market.storyboard */,
				B56F74782BF62FFC0048447E /* FurnitureMarket.swift */,
				B5C92A592BF7D69C00121E42 /* AssetView.swift */,
				B56F74762BF62F370048447E /* Cart.swift */,
			);
			path = FurnitureMarket;
			sourceTree = "<group>";
		};
		B56F748B2BF632900048447E /* UserProfile */ = {
			isa = PBXGroup;
			children = (
				B56F748C2BF632B70048447E /* MyIsland.swift */,
				B5C92A522BF7CF1C00121E42 /* MyAssets.swift */,
			);
			path = UserProfile;
			sourceTree = "<group>";
		};
		B56F74922BF63F000048447E /* Launch */ = {
			isa = PBXGroup;
			children = (
				B5C92A762BF88D8900121E42 /* SplashScreenView.swift */,
				5BC6DE402BF0C1270031650B /* RegisterView.swift */,
				5BC6DE442BF0C3CF0031650B /* SignInView.swift */,
			);
			path = Launch;
			sourceTree = "<group>";
		};
		B56F74932BF63F110048447E /* Main */ = {
			isa = PBXGroup;
			children = (
				B56F74872BF632330048447E /* MainMapView.swift */,
			);
			path = Main;
			sourceTree = "<group>";
		};
		B5AC287B2BFAD928006FB264 /* src */ = {
			isa = PBXGroup;
			children = (
			);
			path = src;
			sourceTree = "<group>";
		};
		B5C92A542BF7CF6400121E42 /* Models */ = {
			isa = PBXGroup;
			children = (
				B5C92A552BF7CFA300121E42 /* Purchase.swift */,
				B5C92A5B2BF7D6E600121E42 /* PurchaseResponse.swift */,
				B5C92A572BF7CFB800121E42 /* Asset.swift */,
				B5C92A5D2BF7D79100121E42 /* TopUpWallet.swift */,
			);
			path = Models;
			sourceTree = "<group>";
		};
		B5C92A612BF8792100121E42 /* Venues */ = {
			isa = PBXGroup;
			children = (
				B5C92A642BF8797B00121E42 /* SOC */,
				B5C92A632BF8797200121E42 /* FOS */,
				B5C92A622BF8793500121E42 /* UniversityTown */,
			);
			path = Venues;
			sourceTree = "<group>";
		};
		B5C92A622BF8793500121E42 /* UniversityTown */ = {
			isa = PBXGroup;
			children = (
				B5C92A6C2BF879F900121E42 /* SRC.swift */,
				B5C92A6E2BF87A0300121E42 /* ERC.swift */,
				B5C92A702BF87A1300121E42 /* RC4.swift */,
				B5C92A722BF87A2700121E42 /* Finefood.swift */,
			);
			path = UniversityTown;
			sourceTree = "<group>";
		};
		B5C92A632BF8797200121E42 /* FOS */ = {
			isa = PBXGroup;
			children = (
			);
			path = FOS;
			sourceTree = "<group>";
		};
		B5C92A642BF8797B00121E42 /* SOC */ = {
			isa = PBXGroup;
			children = (
				B5C92A652BF879C300121E42 /* COM1.swift */,
				B5C92A672BF879CF00121E42 /* COM2.swift */,
				B5C92A6A2BF879E000121E42 /* COM3.swift */,
			);
			path = SOC;
			sourceTree = "<group>";
		};
/* End PBXGroup section */

/* Begin PBXNativeTarget section */
		5BC6DE052BF0A7A10031650B /* Orbital */ = {
			isa = PBXNativeTarget;
			buildConfigurationList = 5BC6DE2F2BF0A7A40031650B /* Build configuration list for PBXNativeTarget "Orbital" */;
			buildPhases = (
				5BC6DE022BF0A7A10031650B /* Sources */,
				5BC6DE032BF0A7A10031650B /* Frameworks */,
				5BC6DE042BF0A7A10031650B /* Resources */,
			);
			buildRules = (
			);
			dependencies = (
			);
			name = Orbital;
			packageProductDependencies = (
				B5110A522BFC762100208FC4 /* FirebaseAnalytics */,
				B5110A542BFC762100208FC4 /* FirebaseAnalyticsOnDeviceConversion */,
				B5110A562BFC762100208FC4 /* FirebaseAnalyticsSwift */,
				B5110A582BFC762100208FC4 /* FirebaseAnalyticsWithoutAdIdSupport */,
				B5110A5A2BFC762100208FC4 /* FirebaseAppCheck */,
				B5110A5C2BFC762100208FC4 /* FirebaseAppDistribution-Beta */,
				B5110A5E2BFC762100208FC4 /* FirebaseAuth */,
				B5110A602BFC762100208FC4 /* FirebaseAuthCombine-Community */,
				B5110A622BFC762100208FC4 /* FirebaseCrashlytics */,
				B5110A642BFC762100208FC4 /* FirebaseDatabase */,
				B5110A662BFC762100208FC4 /* FirebaseDatabaseSwift */,
				B5110A682BFC762100208FC4 /* FirebaseDynamicLinks */,
				B5110A6A2BFC762100208FC4 /* FirebaseFirestore */,
				B5110A6C2BFC762100208FC4 /* FirebaseFirestoreCombine-Community */,
				B5110A6E2BFC762100208FC4 /* FirebaseFirestoreSwift */,
				B5110A702BFC762100208FC4 /* FirebaseFunctions */,
				B5110A722BFC762100208FC4 /* FirebaseFunctionsCombine-Community */,
				B5110A742BFC762100208FC4 /* FirebaseInAppMessaging-Beta */,
				B5110A762BFC762100208FC4 /* FirebaseInAppMessagingSwift-Beta */,
				B5110A782BFC762100208FC4 /* FirebaseInstallations */,
				B5110A7A2BFC762100208FC4 /* FirebaseMLModelDownloader */,
				B5110A7C2BFC762100208FC4 /* FirebaseMessaging */,
				B5110A7E2BFC762100208FC4 /* FirebasePerformance */,
				B5110A802BFC762100208FC4 /* FirebaseRemoteConfig */,
				B5110A822BFC762100208FC4 /* FirebaseRemoteConfigSwift */,
				B5110A842BFC762100208FC4 /* FirebaseStorage */,
				B5110A862BFC762100208FC4 /* FirebaseStorageCombine-Community */,
				B5110A882BFC762100208FC4 /* FirebaseVertexAI-Preview */,
				B5FE65932BFD0BF8000D375A /* FirebaseAnonymousAuthUI */,
				B5FE65952BFD0BF9000D375A /* FirebaseAuthUI */,
				B5FE65972BFD0BF9000D375A /* FirebaseDatabaseUI */,
				B5FE65992BFD0BF9000D375A /* FirebaseEmailAuthUI */,
				B5FE659B2BFD0BF9000D375A /* FirebaseFacebookAuthUI */,
				B5FE659D2BFD0BF9000D375A /* FirebaseFirestoreUI */,
				B5FE659F2BFD0BF9000D375A /* FirebaseGoogleAuthUI */,
				B5FE65A12BFD0BF9000D375A /* FirebaseOAuthUI */,
				B5FE65A32BFD0BF9000D375A /* FirebasePhoneAuthUI */,
				B5FE65A52BFD0BF9000D375A /* FirebaseStorageUI */,
			);
			productName = Orbital;
			productReference = 5BC6DE062BF0A7A10031650B /* Orbital.app */;
			productType = "com.apple.product-type.application";
		};
		5BC6DE1A2BF0A7A40031650B /* OrbitalTests */ = {
			isa = PBXNativeTarget;
			buildConfigurationList = 5BC6DE322BF0A7A40031650B /* Build configuration list for PBXNativeTarget "OrbitalTests" */;
			buildPhases = (
				5BC6DE172BF0A7A40031650B /* Sources */,
				5BC6DE182BF0A7A40031650B /* Frameworks */,
				5BC6DE192BF0A7A40031650B /* Resources */,
			);
			buildRules = (
			);
			dependencies = (
				5BC6DE1D2BF0A7A40031650B /* PBXTargetDependency */,
			);
			name = OrbitalTests;
			productName = OrbitalTests;
			productReference = 5BC6DE1B2BF0A7A40031650B /* OrbitalTests.xctest */;
			productType = "com.apple.product-type.bundle.unit-test";
		};
		5BC6DE242BF0A7A40031650B /* OrbitalUITests */ = {
			isa = PBXNativeTarget;
			buildConfigurationList = 5BC6DE352BF0A7A40031650B /* Build configuration list for PBXNativeTarget "OrbitalUITests" */;
			buildPhases = (
				5BC6DE212BF0A7A40031650B /* Sources */,
				5BC6DE222BF0A7A40031650B /* Frameworks */,
				5BC6DE232BF0A7A40031650B /* Resources */,
			);
			buildRules = (
			);
			dependencies = (
				5BC6DE272BF0A7A40031650B /* PBXTargetDependency */,
			);
			name = OrbitalUITests;
			productName = OrbitalUITests;
			productReference = 5BC6DE252BF0A7A40031650B /* OrbitalUITests.xctest */;
			productType = "com.apple.product-type.bundle.ui-testing";
		};
/* End PBXNativeTarget section */

/* Begin PBXProject section */
		5BC6DDFE2BF0A7A10031650B /* Project object */ = {
			isa = PBXProject;
			attributes = {
				BuildIndependentTargetsInParallel = 1;
				LastSwiftUpdateCheck = 1530;
				LastUpgradeCheck = 1530;
				TargetAttributes = {
					5BC6DE052BF0A7A10031650B = {
						CreatedOnToolsVersion = 15.3;
					};
					5BC6DE1A2BF0A7A40031650B = {
						CreatedOnToolsVersion = 15.3;
						TestTargetID = 5BC6DE052BF0A7A10031650B;
					};
					5BC6DE242BF0A7A40031650B = {
						CreatedOnToolsVersion = 15.3;
						TestTargetID = 5BC6DE052BF0A7A10031650B;
					};
				};
			};
			buildConfigurationList = 5BC6DE012BF0A7A10031650B /* Build configuration list for PBXProject "Orbital" */;
			compatibilityVersion = "Xcode 14.0";
			developmentRegion = en;
			hasScannedForEncodings = 0;
			knownRegions = (
				en,
				Base,
			);
			mainGroup = 5BC6DDFD2BF0A7A10031650B;
			packageReferences = (
				B5110A512BFC762100208FC4 /* XCRemoteSwiftPackageReference "firebase-ios-sdk" */,
				B5FE65922BFD0BF8000D375A /* XCRemoteSwiftPackageReference "FirebaseUI-iOS" */,
			);
			productRefGroup = 5BC6DE072BF0A7A10031650B /* Products */;
			projectDirPath = "";
			projectRoot = "";
			targets = (
				5BC6DE052BF0A7A10031650B /* Orbital */,
				5BC6DE1A2BF0A7A40031650B /* OrbitalTests */,
				5BC6DE242BF0A7A40031650B /* OrbitalUITests */,
			);
		};
/* End PBXProject section */

/* Begin PBXResourcesBuildPhase section */
		5BC6DE042BF0A7A10031650B /* Resources */ = {
			isa = PBXResourcesBuildPhase;
			buildActionMask = 2147483647;
			files = (
				5BC6DE112BF0A7A40031650B /* Preview Assets.xcassets in Resources */,
				B5C92A752BF88A6E00121E42 /* market.storyboard in Resources */,
				5BC6DE0E2BF0A7A40031650B /* Assets.xcassets in Resources */,
				B56F74952BF63F8C0048447E /* LaunchScreen.storyboard in Resources */,
				B56F74862BF631DB0048447E /* GoogleService-Info.plist in Resources */,
			);
			runOnlyForDeploymentPostprocessing = 0;
		};
		5BC6DE192BF0A7A40031650B /* Resources */ = {
			isa = PBXResourcesBuildPhase;
			buildActionMask = 2147483647;
			files = (
			);
			runOnlyForDeploymentPostprocessing = 0;
		};
		5BC6DE232BF0A7A40031650B /* Resources */ = {
			isa = PBXResourcesBuildPhase;
			buildActionMask = 2147483647;
			files = (
			);
			runOnlyForDeploymentPostprocessing = 0;
		};
/* End PBXResourcesBuildPhase section */

/* Begin PBXSourcesBuildPhase section */
		5BC6DE022BF0A7A10031650B /* Sources */ = {
			isa = PBXSourcesBuildPhase;
			buildActionMask = 2147483647;
			files = (
				5BC6DE452BF0C3CF0031650B /* SignInView.swift in Sources */,
				B5C92A772BF88D8900121E42 /* SplashScreenView.swift in Sources */,
				5BC6DE132BF0A7A40031650B /* Persistence.swift in Sources */,
				B56F748D2BF632B70048447E /* MyIsland.swift in Sources */,
				B5C92A5E2BF7D79100121E42 /* TopUpWallet.swift in Sources */,
				5BC6DE162BF0A7A40031650B /* Orbital.xcdatamodeld in Sources */,
				B5C92A732BF87A2700121E42 /* Finefood.swift in Sources */,
				B5C92A712BF87A1300121E42 /* RC4.swift in Sources */,
				5BC6DE3C2BF0AC470031650B /* AuthService.swift in Sources */,
				B5C92A5A2BF7D69C00121E42 /* AssetView.swift in Sources */,
				B5C92A5C2BF7D6E600121E42 /* PurchaseResponse.swift in Sources */,
				5BC6DE412BF0C1270031650B /* RegisterView.swift in Sources */,
				B5C92A6B2BF879E000121E42 /* COM3.swift in Sources */,
				B5110A8B2BFC776D00208FC4 /* FirebaseMessaging.swift in Sources */,
				B5C92A662BF879C300121E42 /* COM1.swift in Sources */,
				B5C92A6D2BF879F900121E42 /* SRC.swift in Sources */,
				B5C92A562BF7CFA300121E42 /* Purchase.swift in Sources */,
				B56F74882BF632330048447E /* MainMapView.swift in Sources */,
				5BC6DE0A2BF0A7A10031650B /* OrbitalApp.swift in Sources */,
				B56F74772BF62F370048447E /* Cart.swift in Sources */,
				5BC6DE432BF0C3AB0031650B /* ContentView.swift in Sources */,
				5BC6DE3E2BF0ACA90031650B /* Constants.swift in Sources */,
				B5110A902BFC7CAB00208FC4 /* ChatView.swift in Sources */,
				B5C92A582BF7CFB800121E42 /* Asset.swift in Sources */,
				B5C92A532BF7CF1C00121E42 /* MyAssets.swift in Sources */,
				B5110A8D2BFC777B00208FC4 /* FirebaseStorage.swift in Sources */,
				B5C92A682BF879CF00121E42 /* COM2.swift in Sources */,
				B5C92A6F2BF87A0300121E42 /* ERC.swift in Sources */,
				B56F74792BF62FFC0048447E /* FurnitureMarket.swift in Sources */,
				B5110A0C2BFB81F000208FC4 /* LocationManager.swift in Sources */,
			);
			runOnlyForDeploymentPostprocessing = 0;
		};
		5BC6DE172BF0A7A40031650B /* Sources */ = {
			isa = PBXSourcesBuildPhase;
			buildActionMask = 2147483647;
			files = (
				5BC6DE202BF0A7A40031650B /* OrbitalTests.swift in Sources */,
			);
			runOnlyForDeploymentPostprocessing = 0;
		};
		5BC6DE212BF0A7A40031650B /* Sources */ = {
			isa = PBXSourcesBuildPhase;
			buildActionMask = 2147483647;
			files = (
				5BC6DE2C2BF0A7A40031650B /* OrbitalUITestsLaunchTests.swift in Sources */,
				5BC6DE2A2BF0A7A40031650B /* OrbitalUITests.swift in Sources */,
			);
			runOnlyForDeploymentPostprocessing = 0;
		};
/* End PBXSourcesBuildPhase section */

/* Begin PBXTargetDependency section */
		5BC6DE1D2BF0A7A40031650B /* PBXTargetDependency */ = {
			isa = PBXTargetDependency;
			target = 5BC6DE052BF0A7A10031650B /* Orbital */;
			targetProxy = 5BC6DE1C2BF0A7A40031650B /* PBXContainerItemProxy */;
		};
		5BC6DE272BF0A7A40031650B /* PBXTargetDependency */ = {
			isa = PBXTargetDependency;
			target = 5BC6DE052BF0A7A10031650B /* Orbital */;
			targetProxy = 5BC6DE262BF0A7A40031650B /* PBXContainerItemProxy */;
		};
/* End PBXTargetDependency section */

/* Begin XCBuildConfiguration section */
		5BC6DE2D2BF0A7A40031650B /* Debug */ = {
			isa = XCBuildConfiguration;
			buildSettings = {
				ALWAYS_SEARCH_USER_PATHS = NO;
				ASSETCATALOG_COMPILER_GENERATE_SWIFT_ASSET_SYMBOL_EXTENSIONS = YES;
				ASSETCATALOG_COMPILER_INCLUDE_ALL_APPICON_ASSETS = YES;
				CLANG_ANALYZER_NONNULL = YES;
				CLANG_ANALYZER_NUMBER_OBJECT_CONVERSION = YES_AGGRESSIVE;
				CLANG_CXX_LANGUAGE_STANDARD = "gnu++20";
				CLANG_ENABLE_MODULES = YES;
				CLANG_ENABLE_OBJC_ARC = YES;
				CLANG_ENABLE_OBJC_WEAK = YES;
				CLANG_WARN_BLOCK_CAPTURE_AUTORELEASING = YES;
				CLANG_WARN_BOOL_CONVERSION = YES;
				CLANG_WARN_COMMA = YES;
				CLANG_WARN_CONSTANT_CONVERSION = YES;
				CLANG_WARN_DEPRECATED_OBJC_IMPLEMENTATIONS = YES;
				CLANG_WARN_DIRECT_OBJC_ISA_USAGE = YES_ERROR;
				CLANG_WARN_DOCUMENTATION_COMMENTS = YES;
				CLANG_WARN_EMPTY_BODY = YES;
				CLANG_WARN_ENUM_CONVERSION = YES;
				CLANG_WARN_INFINITE_RECURSION = YES;
				CLANG_WARN_INT_CONVERSION = YES;
				CLANG_WARN_NON_LITERAL_NULL_CONVERSION = YES;
				CLANG_WARN_OBJC_IMPLICIT_RETAIN_SELF = YES;
				CLANG_WARN_OBJC_LITERAL_CONVERSION = YES;
				CLANG_WARN_OBJC_ROOT_CLASS = YES_ERROR;
				CLANG_WARN_QUOTED_INCLUDE_IN_FRAMEWORK_HEADER = YES;
				CLANG_WARN_RANGE_LOOP_ANALYSIS = YES;
				CLANG_WARN_STRICT_PROTOTYPES = YES;
				CLANG_WARN_SUSPICIOUS_MOVE = YES;
				CLANG_WARN_UNGUARDED_AVAILABILITY = YES_AGGRESSIVE;
				CLANG_WARN_UNREACHABLE_CODE = YES;
				CLANG_WARN__DUPLICATE_METHOD_MATCH = YES;
				COPY_PHASE_STRIP = NO;
				DEBUG_INFORMATION_FORMAT = dwarf;
				ENABLE_STRICT_OBJC_MSGSEND = YES;
				ENABLE_TESTABILITY = YES;
				ENABLE_USER_SCRIPT_SANDBOXING = YES;
				GCC_C_LANGUAGE_STANDARD = gnu17;
				GCC_DYNAMIC_NO_PIC = NO;
				GCC_NO_COMMON_BLOCKS = YES;
				GCC_OPTIMIZATION_LEVEL = 0;
				GCC_PREPROCESSOR_DEFINITIONS = (
					"DEBUG=1",
					"$(inherited)",
				);
				GCC_WARN_64_TO_32_BIT_CONVERSION = YES;
				GCC_WARN_ABOUT_RETURN_TYPE = YES_ERROR;
				GCC_WARN_UNDECLARED_SELECTOR = YES;
				GCC_WARN_UNINITIALIZED_AUTOS = YES_AGGRESSIVE;
				GCC_WARN_UNUSED_FUNCTION = YES;
				GCC_WARN_UNUSED_VARIABLE = YES;
				INFOPLIST_KEY_UILaunchScreen_Generation = YES;
				IPHONEOS_DEPLOYMENT_TARGET = 17.4;
				LOCALIZATION_PREFERS_STRING_CATALOGS = YES;
				MTL_ENABLE_DEBUG_INFO = INCLUDE_SOURCE;
				MTL_FAST_MATH = YES;
				ONLY_ACTIVE_ARCH = YES;
				SDKROOT = iphoneos;
				SWIFT_ACTIVE_COMPILATION_CONDITIONS = "DEBUG $(inherited)";
				SWIFT_OPTIMIZATION_LEVEL = "-Onone";
			};
			name = Debug;
		};
		5BC6DE2E2BF0A7A40031650B /* Release */ = {
			isa = XCBuildConfiguration;
			buildSettings = {
				ALWAYS_SEARCH_USER_PATHS = NO;
				ASSETCATALOG_COMPILER_GENERATE_SWIFT_ASSET_SYMBOL_EXTENSIONS = YES;
				ASSETCATALOG_COMPILER_INCLUDE_ALL_APPICON_ASSETS = YES;
				CLANG_ANALYZER_NONNULL = YES;
				CLANG_ANALYZER_NUMBER_OBJECT_CONVERSION = YES_AGGRESSIVE;
				CLANG_CXX_LANGUAGE_STANDARD = "gnu++20";
				CLANG_ENABLE_MODULES = YES;
				CLANG_ENABLE_OBJC_ARC = YES;
				CLANG_ENABLE_OBJC_WEAK = YES;
				CLANG_WARN_BLOCK_CAPTURE_AUTORELEASING = YES;
				CLANG_WARN_BOOL_CONVERSION = YES;
				CLANG_WARN_COMMA = YES;
				CLANG_WARN_CONSTANT_CONVERSION = YES;
				CLANG_WARN_DEPRECATED_OBJC_IMPLEMENTATIONS = YES;
				CLANG_WARN_DIRECT_OBJC_ISA_USAGE = YES_ERROR;
				CLANG_WARN_DOCUMENTATION_COMMENTS = YES;
				CLANG_WARN_EMPTY_BODY = YES;
				CLANG_WARN_ENUM_CONVERSION = YES;
				CLANG_WARN_INFINITE_RECURSION = YES;
				CLANG_WARN_INT_CONVERSION = YES;
				CLANG_WARN_NON_LITERAL_NULL_CONVERSION = YES;
				CLANG_WARN_OBJC_IMPLICIT_RETAIN_SELF = YES;
				CLANG_WARN_OBJC_LITERAL_CONVERSION = YES;
				CLANG_WARN_OBJC_ROOT_CLASS = YES_ERROR;
				CLANG_WARN_QUOTED_INCLUDE_IN_FRAMEWORK_HEADER = YES;
				CLANG_WARN_RANGE_LOOP_ANALYSIS = YES;
				CLANG_WARN_STRICT_PROTOTYPES = YES;
				CLANG_WARN_SUSPICIOUS_MOVE = YES;
				CLANG_WARN_UNGUARDED_AVAILABILITY = YES_AGGRESSIVE;
				CLANG_WARN_UNREACHABLE_CODE = YES;
				CLANG_WARN__DUPLICATE_METHOD_MATCH = YES;
				COPY_PHASE_STRIP = NO;
				DEBUG_INFORMATION_FORMAT = "dwarf-with-dsym";
				ENABLE_NS_ASSERTIONS = NO;
				ENABLE_STRICT_OBJC_MSGSEND = YES;
				ENABLE_USER_SCRIPT_SANDBOXING = YES;
				GCC_C_LANGUAGE_STANDARD = gnu17;
				GCC_NO_COMMON_BLOCKS = YES;
				GCC_WARN_64_TO_32_BIT_CONVERSION = YES;
				GCC_WARN_ABOUT_RETURN_TYPE = YES_ERROR;
				GCC_WARN_UNDECLARED_SELECTOR = YES;
				GCC_WARN_UNINITIALIZED_AUTOS = YES_AGGRESSIVE;
				GCC_WARN_UNUSED_FUNCTION = YES;
				GCC_WARN_UNUSED_VARIABLE = YES;
				INFOPLIST_KEY_UILaunchScreen_Generation = YES;
				IPHONEOS_DEPLOYMENT_TARGET = 17.4;
				LOCALIZATION_PREFERS_STRING_CATALOGS = YES;
				MTL_ENABLE_DEBUG_INFO = NO;
				MTL_FAST_MATH = YES;
				SDKROOT = iphoneos;
				SWIFT_COMPILATION_MODE = wholemodule;
				VALIDATE_PRODUCT = YES;
			};
			name = Release;
		};
		5BC6DE302BF0A7A40031650B /* Debug */ = {
			isa = XCBuildConfiguration;
			buildSettings = {
				ASSETCATALOG_COMPILER_APPICON_NAME = AppIcon;
				ASSETCATALOG_COMPILER_GLOBAL_ACCENT_COLOR_NAME = AccentColor;
				CODE_SIGN_STYLE = Automatic;
				CURRENT_PROJECT_VERSION = 1;
				DEVELOPMENT_ASSET_PATHS = "\"Orbital/Preview Content\"";
				DEVELOPMENT_TEAM = 95G7HLQQGC;
				ENABLE_PREVIEWS = YES;
				GENERATE_INFOPLIST_FILE = YES;
				INFOPLIST_FILE = Orbital/Info.plist;
				INFOPLIST_KEY_UIApplicationSceneManifest_Generation = YES;
				INFOPLIST_KEY_UIApplicationSupportsIndirectInputEvents = YES;
				INFOPLIST_KEY_UILaunchStoryboardName = LaunchScreen.storyboard;
				INFOPLIST_KEY_UISupportedInterfaceOrientations = "UIInterfaceOrientationLandscapeLeft UIInterfaceOrientationLandscapeRight UIInterfaceOrientationPortrait UIInterfaceOrientationPortraitUpsideDown";
				LD_RUNPATH_SEARCH_PATHS = (
					"$(inherited)",
					"@executable_path/Frameworks",
				);
				MARKETING_VERSION = 1.0;
				PRODUCT_BUNDLE_IDENTIFIER = Chopeland.Orbital;
				PRODUCT_NAME = "$(TARGET_NAME)";
				SWIFT_EMIT_LOC_STRINGS = YES;
				SWIFT_VERSION = 5.0;
				TARGETED_DEVICE_FAMILY = "1,2";
			};
			name = Debug;
		};
		5BC6DE312BF0A7A40031650B /* Release */ = {
			isa = XCBuildConfiguration;
			buildSettings = {
				ASSETCATALOG_COMPILER_APPICON_NAME = AppIcon;
				ASSETCATALOG_COMPILER_GLOBAL_ACCENT_COLOR_NAME = AccentColor;
				CODE_SIGN_STYLE = Automatic;
				CURRENT_PROJECT_VERSION = 1;
				DEVELOPMENT_ASSET_PATHS = "\"Orbital/Preview Content\"";
				DEVELOPMENT_TEAM = 95G7HLQQGC;
				ENABLE_PREVIEWS = YES;
				GENERATE_INFOPLIST_FILE = YES;
				INFOPLIST_FILE = Orbital/Info.plist;
				INFOPLIST_KEY_UIApplicationSceneManifest_Generation = YES;
				INFOPLIST_KEY_UIApplicationSupportsIndirectInputEvents = YES;
				INFOPLIST_KEY_UILaunchStoryboardName = LaunchScreen.storyboard;
				INFOPLIST_KEY_UISupportedInterfaceOrientations = "UIInterfaceOrientationLandscapeLeft UIInterfaceOrientationLandscapeRight UIInterfaceOrientationPortrait UIInterfaceOrientationPortraitUpsideDown";
				LD_RUNPATH_SEARCH_PATHS = (
					"$(inherited)",
					"@executable_path/Frameworks",
				);
				MARKETING_VERSION = 1.0;
				PRODUCT_BUNDLE_IDENTIFIER = Chopeland.Orbital;
				PRODUCT_NAME = "$(TARGET_NAME)";
				SWIFT_EMIT_LOC_STRINGS = YES;
				SWIFT_VERSION = 5.0;
				TARGETED_DEVICE_FAMILY = "1,2";
			};
			name = Release;
		};
		5BC6DE332BF0A7A40031650B /* Debug */ = {
			isa = XCBuildConfiguration;
			buildSettings = {
				ALWAYS_EMBED_SWIFT_STANDARD_LIBRARIES = YES;
				BUNDLE_LOADER = "$(TEST_HOST)";
				CODE_SIGN_STYLE = Automatic;
				CURRENT_PROJECT_VERSION = 1;
				GENERATE_INFOPLIST_FILE = YES;
				IPHONEOS_DEPLOYMENT_TARGET = 17.4;
				MARKETING_VERSION = 1.0;
				PRODUCT_BUNDLE_IDENTIFIER = Chopeland.OrbitalTests;
				PRODUCT_NAME = "$(TARGET_NAME)";
				SWIFT_EMIT_LOC_STRINGS = NO;
				SWIFT_VERSION = 5.0;
				TARGETED_DEVICE_FAMILY = "1,2";
				TEST_HOST = "$(BUILT_PRODUCTS_DIR)/Orbital.app/$(BUNDLE_EXECUTABLE_FOLDER_PATH)/Orbital";
			};
			name = Debug;
		};
		5BC6DE342BF0A7A40031650B /* Release */ = {
			isa = XCBuildConfiguration;
			buildSettings = {
				ALWAYS_EMBED_SWIFT_STANDARD_LIBRARIES = YES;
				BUNDLE_LOADER = "$(TEST_HOST)";
				CODE_SIGN_STYLE = Automatic;
				CURRENT_PROJECT_VERSION = 1;
				GENERATE_INFOPLIST_FILE = YES;
				IPHONEOS_DEPLOYMENT_TARGET = 17.4;
				MARKETING_VERSION = 1.0;
				PRODUCT_BUNDLE_IDENTIFIER = Chopeland.OrbitalTests;
				PRODUCT_NAME = "$(TARGET_NAME)";
				SWIFT_EMIT_LOC_STRINGS = NO;
				SWIFT_VERSION = 5.0;
				TARGETED_DEVICE_FAMILY = "1,2";
				TEST_HOST = "$(BUILT_PRODUCTS_DIR)/Orbital.app/$(BUNDLE_EXECUTABLE_FOLDER_PATH)/Orbital";
			};
			name = Release;
		};
		5BC6DE362BF0A7A40031650B /* Debug */ = {
			isa = XCBuildConfiguration;
			buildSettings = {
				ALWAYS_EMBED_SWIFT_STANDARD_LIBRARIES = YES;
				CODE_SIGN_STYLE = Automatic;
				CURRENT_PROJECT_VERSION = 1;
				GENERATE_INFOPLIST_FILE = YES;
				MARKETING_VERSION = 1.0;
				PRODUCT_BUNDLE_IDENTIFIER = Chopeland.OrbitalUITests;
				PRODUCT_NAME = "$(TARGET_NAME)";
				SWIFT_EMIT_LOC_STRINGS = NO;
				SWIFT_VERSION = 5.0;
				TARGETED_DEVICE_FAMILY = "1,2";
				TEST_TARGET_NAME = Orbital;
			};
			name = Debug;
		};
		5BC6DE372BF0A7A40031650B /* Release */ = {
			isa = XCBuildConfiguration;
			buildSettings = {
				ALWAYS_EMBED_SWIFT_STANDARD_LIBRARIES = YES;
				CODE_SIGN_STYLE = Automatic;
				CURRENT_PROJECT_VERSION = 1;
				GENERATE_INFOPLIST_FILE = YES;
				MARKETING_VERSION = 1.0;
				PRODUCT_BUNDLE_IDENTIFIER = Chopeland.OrbitalUITests;
				PRODUCT_NAME = "$(TARGET_NAME)";
				SWIFT_EMIT_LOC_STRINGS = NO;
				SWIFT_VERSION = 5.0;
				TARGETED_DEVICE_FAMILY = "1,2";
				TEST_TARGET_NAME = Orbital;
			};
			name = Release;
		};
/* End XCBuildConfiguration section */

/* Begin XCConfigurationList section */
		5BC6DE012BF0A7A10031650B /* Build configuration list for PBXProject "Orbital" */ = {
			isa = XCConfigurationList;
			buildConfigurations = (
				5BC6DE2D2BF0A7A40031650B /* Debug */,
				5BC6DE2E2BF0A7A40031650B /* Release */,
			);
			defaultConfigurationIsVisible = 0;
			defaultConfigurationName = Release;
		};
		5BC6DE2F2BF0A7A40031650B /* Build configuration list for PBXNativeTarget "Orbital" */ = {
			isa = XCConfigurationList;
			buildConfigurations = (
				5BC6DE302BF0A7A40031650B /* Debug */,
				5BC6DE312BF0A7A40031650B /* Release */,
			);
			defaultConfigurationIsVisible = 0;
			defaultConfigurationName = Release;
		};
		5BC6DE322BF0A7A40031650B /* Build configuration list for PBXNativeTarget "OrbitalTests" */ = {
			isa = XCConfigurationList;
			buildConfigurations = (
				5BC6DE332BF0A7A40031650B /* Debug */,
				5BC6DE342BF0A7A40031650B /* Release */,
			);
			defaultConfigurationIsVisible = 0;
			defaultConfigurationName = Release;
		};
		5BC6DE352BF0A7A40031650B /* Build configuration list for PBXNativeTarget "OrbitalUITests" */ = {
			isa = XCConfigurationList;
			buildConfigurations = (
				5BC6DE362BF0A7A40031650B /* Debug */,
				5BC6DE372BF0A7A40031650B /* Release */,
			);
			defaultConfigurationIsVisible = 0;
			defaultConfigurationName = Release;
		};
/* End XCConfigurationList section */

/* Begin XCRemoteSwiftPackageReference section */
		B5110A512BFC762100208FC4 /* XCRemoteSwiftPackageReference "firebase-ios-sdk" */ = {
			isa = XCRemoteSwiftPackageReference;
			repositoryURL = "https://github.com/firebase/firebase-ios-sdk";
			requirement = {
				kind = upToNextMajorVersion;
				minimumVersion = 10.26.0;
			};
		};
		B5FE65922BFD0BF8000D375A /* XCRemoteSwiftPackageReference "FirebaseUI-iOS" */ = {
			isa = XCRemoteSwiftPackageReference;
			repositoryURL = "https://github.com/firebase/FirebaseUI-iOS.git";
			requirement = {
				kind = upToNextMajorVersion;
				minimumVersion = 12.0.0;
			};
		};
/* End XCRemoteSwiftPackageReference section */

/* Begin XCSwiftPackageProductDependency section */
		B5110A522BFC762100208FC4 /* FirebaseAnalytics */ = {
			isa = XCSwiftPackageProductDependency;
			package = B5110A512BFC762100208FC4 /* XCRemoteSwiftPackageReference "firebase-ios-sdk" */;
			productName = FirebaseAnalytics;
		};
		B5110A542BFC762100208FC4 /* FirebaseAnalyticsOnDeviceConversion */ = {
			isa = XCSwiftPackageProductDependency;
			package = B5110A512BFC762100208FC4 /* XCRemoteSwiftPackageReference "firebase-ios-sdk" */;
			productName = FirebaseAnalyticsOnDeviceConversion;
		};
		B5110A562BFC762100208FC4 /* FirebaseAnalyticsSwift */ = {
			isa = XCSwiftPackageProductDependency;
			package = B5110A512BFC762100208FC4 /* XCRemoteSwiftPackageReference "firebase-ios-sdk" */;
			productName = FirebaseAnalyticsSwift;
		};
		B5110A582BFC762100208FC4 /* FirebaseAnalyticsWithoutAdIdSupport */ = {
			isa = XCSwiftPackageProductDependency;
			package = B5110A512BFC762100208FC4 /* XCRemoteSwiftPackageReference "firebase-ios-sdk" */;
			productName = FirebaseAnalyticsWithoutAdIdSupport;
		};
		B5110A5A2BFC762100208FC4 /* FirebaseAppCheck */ = {
			isa = XCSwiftPackageProductDependency;
			package = B5110A512BFC762100208FC4 /* XCRemoteSwiftPackageReference "firebase-ios-sdk" */;
			productName = FirebaseAppCheck;
		};
		B5110A5C2BFC762100208FC4 /* FirebaseAppDistribution-Beta */ = {
			isa = XCSwiftPackageProductDependency;
			package = B5110A512BFC762100208FC4 /* XCRemoteSwiftPackageReference "firebase-ios-sdk" */;
			productName = "FirebaseAppDistribution-Beta";
		};
		B5110A5E2BFC762100208FC4 /* FirebaseAuth */ = {
			isa = XCSwiftPackageProductDependency;
			package = B5110A512BFC762100208FC4 /* XCRemoteSwiftPackageReference "firebase-ios-sdk" */;
			productName = FirebaseAuth;
		};
		B5110A602BFC762100208FC4 /* FirebaseAuthCombine-Community */ = {
			isa = XCSwiftPackageProductDependency;
			package = B5110A512BFC762100208FC4 /* XCRemoteSwiftPackageReference "firebase-ios-sdk" */;
			productName = "FirebaseAuthCombine-Community";
		};
		B5110A622BFC762100208FC4 /* FirebaseCrashlytics */ = {
			isa = XCSwiftPackageProductDependency;
			package = B5110A512BFC762100208FC4 /* XCRemoteSwiftPackageReference "firebase-ios-sdk" */;
			productName = FirebaseCrashlytics;
		};
		B5110A642BFC762100208FC4 /* FirebaseDatabase */ = {
			isa = XCSwiftPackageProductDependency;
			package = B5110A512BFC762100208FC4 /* XCRemoteSwiftPackageReference "firebase-ios-sdk" */;
			productName = FirebaseDatabase;
		};
		B5110A662BFC762100208FC4 /* FirebaseDatabaseSwift */ = {
			isa = XCSwiftPackageProductDependency;
			package = B5110A512BFC762100208FC4 /* XCRemoteSwiftPackageReference "firebase-ios-sdk" */;
			productName = FirebaseDatabaseSwift;
		};
		B5110A682BFC762100208FC4 /* FirebaseDynamicLinks */ = {
			isa = XCSwiftPackageProductDependency;
			package = B5110A512BFC762100208FC4 /* XCRemoteSwiftPackageReference "firebase-ios-sdk" */;
			productName = FirebaseDynamicLinks;
		};
		B5110A6A2BFC762100208FC4 /* FirebaseFirestore */ = {
			isa = XCSwiftPackageProductDependency;
			package = B5110A512BFC762100208FC4 /* XCRemoteSwiftPackageReference "firebase-ios-sdk" */;
			productName = FirebaseFirestore;
		};
		B5110A6C2BFC762100208FC4 /* FirebaseFirestoreCombine-Community */ = {
			isa = XCSwiftPackageProductDependency;
			package = B5110A512BFC762100208FC4 /* XCRemoteSwiftPackageReference "firebase-ios-sdk" */;
			productName = "FirebaseFirestoreCombine-Community";
		};
		B5110A6E2BFC762100208FC4 /* FirebaseFirestoreSwift */ = {
			isa = XCSwiftPackageProductDependency;
			package = B5110A512BFC762100208FC4 /* XCRemoteSwiftPackageReference "firebase-ios-sdk" */;
			productName = FirebaseFirestoreSwift;
		};
		B5110A702BFC762100208FC4 /* FirebaseFunctions */ = {
			isa = XCSwiftPackageProductDependency;
			package = B5110A512BFC762100208FC4 /* XCRemoteSwiftPackageReference "firebase-ios-sdk" */;
			productName = FirebaseFunctions;
		};
		B5110A722BFC762100208FC4 /* FirebaseFunctionsCombine-Community */ = {
			isa = XCSwiftPackageProductDependency;
			package = B5110A512BFC762100208FC4 /* XCRemoteSwiftPackageReference "firebase-ios-sdk" */;
			productName = "FirebaseFunctionsCombine-Community";
		};
		B5110A742BFC762100208FC4 /* FirebaseInAppMessaging-Beta */ = {
			isa = XCSwiftPackageProductDependency;
			package = B5110A512BFC762100208FC4 /* XCRemoteSwiftPackageReference "firebase-ios-sdk" */;
			productName = "FirebaseInAppMessaging-Beta";
		};
		B5110A762BFC762100208FC4 /* FirebaseInAppMessagingSwift-Beta */ = {
			isa = XCSwiftPackageProductDependency;
			package = B5110A512BFC762100208FC4 /* XCRemoteSwiftPackageReference "firebase-ios-sdk" */;
			productName = "FirebaseInAppMessagingSwift-Beta";
		};
		B5110A782BFC762100208FC4 /* FirebaseInstallations */ = {
			isa = XCSwiftPackageProductDependency;
			package = B5110A512BFC762100208FC4 /* XCRemoteSwiftPackageReference "firebase-ios-sdk" */;
			productName = FirebaseInstallations;
		};
		B5110A7A2BFC762100208FC4 /* FirebaseMLModelDownloader */ = {
			isa = XCSwiftPackageProductDependency;
			package = B5110A512BFC762100208FC4 /* XCRemoteSwiftPackageReference "firebase-ios-sdk" */;
			productName = FirebaseMLModelDownloader;
		};
		B5110A7C2BFC762100208FC4 /* FirebaseMessaging */ = {
			isa = XCSwiftPackageProductDependency;
			package = B5110A512BFC762100208FC4 /* XCRemoteSwiftPackageReference "firebase-ios-sdk" */;
			productName = FirebaseMessaging;
		};
		B5110A7E2BFC762100208FC4 /* FirebasePerformance */ = {
			isa = XCSwiftPackageProductDependency;
			package = B5110A512BFC762100208FC4 /* XCRemoteSwiftPackageReference "firebase-ios-sdk" */;
			productName = FirebasePerformance;
		};
		B5110A802BFC762100208FC4 /* FirebaseRemoteConfig */ = {
			isa = XCSwiftPackageProductDependency;
			package = B5110A512BFC762100208FC4 /* XCRemoteSwiftPackageReference "firebase-ios-sdk" */;
			productName = FirebaseRemoteConfig;
		};
		B5110A822BFC762100208FC4 /* FirebaseRemoteConfigSwift */ = {
			isa = XCSwiftPackageProductDependency;
			package = B5110A512BFC762100208FC4 /* XCRemoteSwiftPackageReference "firebase-ios-sdk" */;
			productName = FirebaseRemoteConfigSwift;
		};
		B5110A842BFC762100208FC4 /* FirebaseStorage */ = {
			isa = XCSwiftPackageProductDependency;
			package = B5110A512BFC762100208FC4 /* XCRemoteSwiftPackageReference "firebase-ios-sdk" */;
			productName = FirebaseStorage;
		};
		B5110A862BFC762100208FC4 /* FirebaseStorageCombine-Community */ = {
			isa = XCSwiftPackageProductDependency;
			package = B5110A512BFC762100208FC4 /* XCRemoteSwiftPackageReference "firebase-ios-sdk" */;
			productName = "FirebaseStorageCombine-Community";
		};
		B5110A882BFC762100208FC4 /* FirebaseVertexAI-Preview */ = {
			isa = XCSwiftPackageProductDependency;
			package = B5110A512BFC762100208FC4 /* XCRemoteSwiftPackageReference "firebase-ios-sdk" */;
			productName = "FirebaseVertexAI-Preview";
		};
		B5FE65932BFD0BF8000D375A /* FirebaseAnonymousAuthUI */ = {
			isa = XCSwiftPackageProductDependency;
			package = B5FE65922BFD0BF8000D375A /* XCRemoteSwiftPackageReference "FirebaseUI-iOS" */;
			productName = FirebaseAnonymousAuthUI;
		};
		B5FE65952BFD0BF9000D375A /* FirebaseAuthUI */ = {
			isa = XCSwiftPackageProductDependency;
			package = B5FE65922BFD0BF8000D375A /* XCRemoteSwiftPackageReference "FirebaseUI-iOS" */;
			productName = FirebaseAuthUI;
		};
		B5FE65972BFD0BF9000D375A /* FirebaseDatabaseUI */ = {
			isa = XCSwiftPackageProductDependency;
			package = B5FE65922BFD0BF8000D375A /* XCRemoteSwiftPackageReference "FirebaseUI-iOS" */;
			productName = FirebaseDatabaseUI;
		};
		B5FE65992BFD0BF9000D375A /* FirebaseEmailAuthUI */ = {
			isa = XCSwiftPackageProductDependency;
			package = B5FE65922BFD0BF8000D375A /* XCRemoteSwiftPackageReference "FirebaseUI-iOS" */;
			productName = FirebaseEmailAuthUI;
		};
		B5FE659B2BFD0BF9000D375A /* FirebaseFacebookAuthUI */ = {
			isa = XCSwiftPackageProductDependency;
			package = B5FE65922BFD0BF8000D375A /* XCRemoteSwiftPackageReference "FirebaseUI-iOS" */;
			productName = FirebaseFacebookAuthUI;
		};
		B5FE659D2BFD0BF9000D375A /* FirebaseFirestoreUI */ = {
			isa = XCSwiftPackageProductDependency;
			package = B5FE65922BFD0BF8000D375A /* XCRemoteSwiftPackageReference "FirebaseUI-iOS" */;
			productName = FirebaseFirestoreUI;
		};
		B5FE659F2BFD0BF9000D375A /* FirebaseGoogleAuthUI */ = {
			isa = XCSwiftPackageProductDependency;
			package = B5FE65922BFD0BF8000D375A /* XCRemoteSwiftPackageReference "FirebaseUI-iOS" */;
			productName = FirebaseGoogleAuthUI;
		};
		B5FE65A12BFD0BF9000D375A /* FirebaseOAuthUI */ = {
			isa = XCSwiftPackageProductDependency;
			package = B5FE65922BFD0BF8000D375A /* XCRemoteSwiftPackageReference "FirebaseUI-iOS" */;
			productName = FirebaseOAuthUI;
		};
		B5FE65A32BFD0BF9000D375A /* FirebasePhoneAuthUI */ = {
			isa = XCSwiftPackageProductDependency;
			package = B5FE65922BFD0BF8000D375A /* XCRemoteSwiftPackageReference "FirebaseUI-iOS" */;
			productName = FirebasePhoneAuthUI;
		};
		B5FE65A52BFD0BF9000D375A /* FirebaseStorageUI */ = {
			isa = XCSwiftPackageProductDependency;
			package = B5FE65922BFD0BF8000D375A /* XCRemoteSwiftPackageReference "FirebaseUI-iOS" */;
			productName = FirebaseStorageUI;
		};
/* End XCSwiftPackageProductDependency section */

/* Begin XCVersionGroup section */
		5BC6DE142BF0A7A40031650B /* Orbital.xcdatamodeld */ = {
			isa = XCVersionGroup;
			children = (
				5BC6DE152BF0A7A40031650B /* Orbital.xcdatamodel */,
			);
			currentVersion = 5BC6DE152BF0A7A40031650B /* Orbital.xcdatamodel */;
			path = Orbital.xcdatamodeld;
			sourceTree = "<group>";
			versionGroupType = wrapper.xcdatamodel;
		};
/* End XCVersionGroup section */
	};
	rootObject = 5BC6DDFE2BF0A7A10031650B /* Project object */;
}
