// !$*UTF8*$!
{
	archiveVersion = 1;
	classes = {
	};
	objectVersion = 56;
	objects = {

/* Begin PBXBuildFile section */
		B54C70DB2C3A56A7001F7D30 /* Unity.swift in Sources */ = {isa = PBXBuildFile; fileRef = B54C70DA2C3A56A7001F7D30 /* Unity.swift */; };
		B54C70EB2C3A5742001F7D30 /* NativeAppViewController.swift in Sources */ = {isa = PBXBuildFile; fileRef = B54C70EA2C3A5742001F7D30 /* NativeAppViewController.swift */; };
		B54C713A2C3A7EA8001F7D30 /* ContentView.swift in Sources */ = {isa = PBXBuildFile; fileRef = B54C71392C3A7EA8001F7D30 /* ContentView.swift */; };
		B5CABC962C39DCBA00F6CEE8 /* AppDelegate.swift in Sources */ = {isa = PBXBuildFile; fileRef = B5CABC952C39DCBA00F6CEE8 /* AppDelegate.swift */; };
		B5CABC9A2C39DCBB00F6CEE8 /* Assets.xcassets in Resources */ = {isa = PBXBuildFile; fileRef = B5CABC992C39DCBB00F6CEE8 /* Assets.xcassets */; };
		B5CABC9D2C39DCBB00F6CEE8 /* Preview Assets.xcassets in Resources */ = {isa = PBXBuildFile; fileRef = B5CABC9C2C39DCBB00F6CEE8 /* Preview Assets.xcassets */; };
		B5CABCA72C39DCBB00F6CEE8 /* NuspiritTests.swift in Sources */ = {isa = PBXBuildFile; fileRef = B5CABCA62C39DCBB00F6CEE8 /* NuspiritTests.swift */; };
		B5CABCB12C39DCBB00F6CEE8 /* NuspiritUITests.swift in Sources */ = {isa = PBXBuildFile; fileRef = B5CABCB02C39DCBB00F6CEE8 /* NuspiritUITests.swift */; };
		B5CABCB32C39DCBB00F6CEE8 /* NuspiritUITestsLaunchTests.swift in Sources */ = {isa = PBXBuildFile; fileRef = B5CABCB22C39DCBB00F6CEE8 /* NuspiritUITestsLaunchTests.swift */; };
/* End PBXBuildFile section */

/* Begin PBXContainerItemProxy section */
		B54C70E22C3A5732001F7D30 /* PBXContainerItemProxy */ = {
			isa = PBXContainerItemProxy;
			containerPortal = B54C70C52C3A562C001F7D30 /* Unity-iPhone.xcodeproj */;
			proxyType = 2;
			remoteGlobalIDString = 1D6058910D05DD3D006BFB54;
			remoteInfo = "Unity-iPhone";
		};
		B54C70E42C3A5732001F7D30 /* PBXContainerItemProxy */ = {
			isa = PBXContainerItemProxy;
			containerPortal = B54C70C52C3A562C001F7D30 /* Unity-iPhone.xcodeproj */;
			proxyType = 2;
			remoteGlobalIDString = 5623C57317FDCB0800090B9E;
			remoteInfo = "Unity-iPhone Tests";
		};
		B54C70E62C3A5732001F7D30 /* PBXContainerItemProxy */ = {
			isa = PBXContainerItemProxy;
			containerPortal = B54C70C52C3A562C001F7D30 /* Unity-iPhone.xcodeproj */;
			proxyType = 2;
			remoteGlobalIDString = 9D25AB9D213FB47800354C27;
			remoteInfo = UnityFramework;
		};
		B54C70E82C3A5732001F7D30 /* PBXContainerItemProxy */ = {
			isa = PBXContainerItemProxy;
			containerPortal = B54C70C52C3A562C001F7D30 /* Unity-iPhone.xcodeproj */;
			proxyType = 2;
			remoteGlobalIDString = 7F4E05A02717216D00A2CBE4;
			remoteInfo = GameAssembly;
		};
		B5CABCA32C39DCBB00F6CEE8 /* PBXContainerItemProxy */ = {
			isa = PBXContainerItemProxy;
			containerPortal = B5CABC8A2C39DCBA00F6CEE8 /* Project object */;
			proxyType = 1;
			remoteGlobalIDString = B5CABC912C39DCBA00F6CEE8;
			remoteInfo = Nuspirit;
		};
		B5CABCAD2C39DCBB00F6CEE8 /* PBXContainerItemProxy */ = {
			isa = PBXContainerItemProxy;
			containerPortal = B5CABC8A2C39DCBA00F6CEE8 /* Project object */;
			proxyType = 1;
			remoteGlobalIDString = B5CABC912C39DCBA00F6CEE8;
			remoteInfo = Nuspirit;
		};
/* End PBXContainerItemProxy section */

/* Begin PBXFileReference section */
		B54C70B62C3A561C001F7D30 /* Orbital.xcodeproj */ = {isa = PBXFileReference; lastKnownFileType = "wrapper.pb-project"; name = Orbital.xcodeproj; path = NativeApp/Orbital.xcodeproj; sourceTree = SOURCE_ROOT; };
		B54C70C52C3A562C001F7D30 /* Unity-iPhone.xcodeproj */ = {isa = PBXFileReference; lastKnownFileType = "wrapper.pb-project"; name = "Unity-iPhone.xcodeproj"; path = "../UnityApp/Unity-iPhone.xcodeproj"; sourceTree = "<group>"; };
		B54C70DA2C3A56A7001F7D30 /* Unity.swift */ = {isa = PBXFileReference; lastKnownFileType = sourcecode.swift; path = Unity.swift; sourceTree = "<group>"; };
		B54C70EA2C3A5742001F7D30 /* NativeAppViewController.swift */ = {isa = PBXFileReference; lastKnownFileType = sourcecode.swift; path = NativeAppViewController.swift; sourceTree = "<group>"; };
		B54C71242C3A59F4001F7D30 /* Nuspirit.entitlements */ = {isa = PBXFileReference; lastKnownFileType = text.plist.entitlements; path = Nuspirit.entitlements; sourceTree = "<group>"; };
		B54C71252C3A65AE001F7D30 /* Info.plist */ = {isa = PBXFileReference; lastKnownFileType = text.plist; path = Info.plist; sourceTree = "<group>"; };
		B54C71392C3A7EA8001F7D30 /* ContentView.swift */ = {isa = PBXFileReference; lastKnownFileType = sourcecode.swift; path = ContentView.swift; sourceTree = "<group>"; };
		B5CABC922C39DCBA00F6CEE8 /* Nuspirit.app */ = {isa = PBXFileReference; explicitFileType = wrapper.application; includeInIndex = 0; path = Nuspirit.app; sourceTree = BUILT_PRODUCTS_DIR; };
		B5CABC952C39DCBA00F6CEE8 /* AppDelegate.swift */ = {isa = PBXFileReference; lastKnownFileType = sourcecode.swift; path = AppDelegate.swift; sourceTree = "<group>"; };
		B5CABC992C39DCBB00F6CEE8 /* Assets.xcassets */ = {isa = PBXFileReference; lastKnownFileType = folder.assetcatalog; path = Assets.xcassets; sourceTree = "<group>"; };
		B5CABC9C2C39DCBB00F6CEE8 /* Preview Assets.xcassets */ = {isa = PBXFileReference; lastKnownFileType = folder.assetcatalog; path = "Preview Assets.xcassets"; sourceTree = "<group>"; };
		B5CABCA22C39DCBB00F6CEE8 /* NuspiritTests.xctest */ = {isa = PBXFileReference; explicitFileType = wrapper.cfbundle; includeInIndex = 0; path = NuspiritTests.xctest; sourceTree = BUILT_PRODUCTS_DIR; };
		B5CABCA62C39DCBB00F6CEE8 /* NuspiritTests.swift */ = {isa = PBXFileReference; lastKnownFileType = sourcecode.swift; path = NuspiritTests.swift; sourceTree = "<group>"; };
		B5CABCAC2C39DCBB00F6CEE8 /* NuspiritUITests.xctest */ = {isa = PBXFileReference; explicitFileType = wrapper.cfbundle; includeInIndex = 0; path = NuspiritUITests.xctest; sourceTree = BUILT_PRODUCTS_DIR; };
		B5CABCB02C39DCBB00F6CEE8 /* NuspiritUITests.swift */ = {isa = PBXFileReference; lastKnownFileType = sourcecode.swift; path = NuspiritUITests.swift; sourceTree = "<group>"; };
		B5CABCB22C39DCBB00F6CEE8 /* NuspiritUITestsLaunchTests.swift */ = {isa = PBXFileReference; lastKnownFileType = sourcecode.swift; path = NuspiritUITestsLaunchTests.swift; sourceTree = "<group>"; };
/* End PBXFileReference section */

/* Begin PBXFrameworksBuildPhase section */
		B5CABC8F2C39DCBA00F6CEE8 /* Frameworks */ = {
			isa = PBXFrameworksBuildPhase;
			buildActionMask = 2147483647;
			files = (
			);
			runOnlyForDeploymentPostprocessing = 0;
		};
		B5CABC9F2C39DCBB00F6CEE8 /* Frameworks */ = {
			isa = PBXFrameworksBuildPhase;
			buildActionMask = 2147483647;
			files = (
			);
			runOnlyForDeploymentPostprocessing = 0;
		};
		B5CABCA92C39DCBB00F6CEE8 /* Frameworks */ = {
			isa = PBXFrameworksBuildPhase;
			buildActionMask = 2147483647;
			files = (
			);
			runOnlyForDeploymentPostprocessing = 0;
		};
/* End PBXFrameworksBuildPhase section */

/* Begin PBXGroup section */
		B54C70DC2C3A5732001F7D30 /* Products */ = {
			isa = PBXGroup;
			children = (
				B54C70E32C3A5732001F7D30 /* UnityApp.app */,
				B54C70E52C3A5732001F7D30 /* Unity-iPhone Tests.xctest */,
				B54C70E72C3A5732001F7D30 /* UnityFramework.framework */,
				B54C70E92C3A5732001F7D30 /* libGameAssembly.a */,
			);
			name = Products;
			sourceTree = "<group>";
		};
		B5CABC892C39DCBA00F6CEE8 = {
			isa = PBXGroup;
			children = (
				B5CABC942C39DCBA00F6CEE8 /* Nuspirit */,
				B5CABCA52C39DCBB00F6CEE8 /* NuspiritTests */,
				B5CABCAF2C39DCBB00F6CEE8 /* NuspiritUITests */,
				B5CABC932C39DCBA00F6CEE8 /* Products */,
			);
			sourceTree = "<group>";
		};
		B5CABC932C39DCBA00F6CEE8 /* Products */ = {
			isa = PBXGroup;
			children = (
				B5CABC922C39DCBA00F6CEE8 /* Nuspirit.app */,
				B5CABCA22C39DCBB00F6CEE8 /* NuspiritTests.xctest */,
				B5CABCAC2C39DCBB00F6CEE8 /* NuspiritUITests.xctest */,
			);
			name = Products;
			sourceTree = "<group>";
		};
		B5CABC942C39DCBA00F6CEE8 /* Nuspirit */ = {
			isa = PBXGroup;
			children = (
				B54C71252C3A65AE001F7D30 /* Info.plist */,
				B54C71242C3A59F4001F7D30 /* Nuspirit.entitlements */,
				B54C70C52C3A562C001F7D30 /* Unity-iPhone.xcodeproj */,
				B54C70B62C3A561C001F7D30 /* Orbital.xcodeproj */,
				B5CABC952C39DCBA00F6CEE8 /* AppDelegate.swift */,
				B54C71392C3A7EA8001F7D30 /* ContentView.swift */,
				B54C70EA2C3A5742001F7D30 /* NativeAppViewController.swift */,
				B54C70DA2C3A56A7001F7D30 /* Unity.swift */,
				B5CABC992C39DCBB00F6CEE8 /* Assets.xcassets */,
				B5CABC9B2C39DCBB00F6CEE8 /* Preview Content */,
			);
			path = Nuspirit;
			sourceTree = "<group>";
		};
		B5CABC9B2C39DCBB00F6CEE8 /* Preview Content */ = {
			isa = PBXGroup;
			children = (
				B5CABC9C2C39DCBB00F6CEE8 /* Preview Assets.xcassets */,
			);
			path = "Preview Content";
			sourceTree = "<group>";
		};
		B5CABCA52C39DCBB00F6CEE8 /* NuspiritTests */ = {
			isa = PBXGroup;
			children = (
				B5CABCA62C39DCBB00F6CEE8 /* NuspiritTests.swift */,
			);
			path = NuspiritTests;
			sourceTree = "<group>";
		};
		B5CABCAF2C39DCBB00F6CEE8 /* NuspiritUITests */ = {
			isa = PBXGroup;
			children = (
				B5CABCB02C39DCBB00F6CEE8 /* NuspiritUITests.swift */,
				B5CABCB22C39DCBB00F6CEE8 /* NuspiritUITestsLaunchTests.swift */,
			);
			path = NuspiritUITests;
			sourceTree = "<group>";
		};
/* End PBXGroup section */

/* Begin PBXNativeTarget section */
		B5CABC912C39DCBA00F6CEE8 /* Nuspirit */ = {
			isa = PBXNativeTarget;
			buildConfigurationList = B5CABCB62C39DCBB00F6CEE8 /* Build configuration list for PBXNativeTarget "Nuspirit" */;
			buildPhases = (
				B5CABC8E2C39DCBA00F6CEE8 /* Sources */,
				B5CABC8F2C39DCBA00F6CEE8 /* Frameworks */,
				B5CABC902C39DCBA00F6CEE8 /* Resources */,
			);
			buildRules = (
			);
			dependencies = (
			);
			name = Nuspirit;
			productName = Nuspirit;
			productReference = B5CABC922C39DCBA00F6CEE8 /* Nuspirit.app */;
			productType = "com.apple.product-type.application";
		};
		B5CABCA12C39DCBB00F6CEE8 /* NuspiritTests */ = {
			isa = PBXNativeTarget;
			buildConfigurationList = B5CABCB92C39DCBB00F6CEE8 /* Build configuration list for PBXNativeTarget "NuspiritTests" */;
			buildPhases = (
				B5CABC9E2C39DCBB00F6CEE8 /* Sources */,
				B5CABC9F2C39DCBB00F6CEE8 /* Frameworks */,
				B5CABCA02C39DCBB00F6CEE8 /* Resources */,
			);
			buildRules = (
			);
			dependencies = (
				B5CABCA42C39DCBB00F6CEE8 /* PBXTargetDependency */,
			);
			name = NuspiritTests;
			productName = NuspiritTests;
			productReference = B5CABCA22C39DCBB00F6CEE8 /* NuspiritTests.xctest */;
			productType = "com.apple.product-type.bundle.unit-test";
		};
		B5CABCAB2C39DCBB00F6CEE8 /* NuspiritUITests */ = {
			isa = PBXNativeTarget;
			buildConfigurationList = B5CABCBC2C39DCBB00F6CEE8 /* Build configuration list for PBXNativeTarget "NuspiritUITests" */;
			buildPhases = (
				B5CABCA82C39DCBB00F6CEE8 /* Sources */,
				B5CABCA92C39DCBB00F6CEE8 /* Frameworks */,
				B5CABCAA2C39DCBB00F6CEE8 /* Resources */,
			);
			buildRules = (
			);
			dependencies = (
				B5CABCAE2C39DCBB00F6CEE8 /* PBXTargetDependency */,
			);
			name = NuspiritUITests;
			productName = NuspiritUITests;
			productReference = B5CABCAC2C39DCBB00F6CEE8 /* NuspiritUITests.xctest */;
			productType = "com.apple.product-type.bundle.ui-testing";
		};
/* End PBXNativeTarget section */

/* Begin PBXProject section */
		B5CABC8A2C39DCBA00F6CEE8 /* Project object */ = {
			isa = PBXProject;
			attributes = {
				BuildIndependentTargetsInParallel = 1;
				LastSwiftUpdateCheck = 1540;
				LastUpgradeCheck = 1540;
				TargetAttributes = {
					B5CABC912C39DCBA00F6CEE8 = {
						CreatedOnToolsVersion = 15.4;
					};
					B5CABCA12C39DCBB00F6CEE8 = {
						CreatedOnToolsVersion = 15.4;
						TestTargetID = B5CABC912C39DCBA00F6CEE8;
					};
					B5CABCAB2C39DCBB00F6CEE8 = {
						CreatedOnToolsVersion = 15.4;
						TestTargetID = B5CABC912C39DCBA00F6CEE8;
					};
				};
			};
			buildConfigurationList = B5CABC8D2C39DCBA00F6CEE8 /* Build configuration list for PBXProject "Nuspirit" */;
			compatibilityVersion = "Xcode 14.0";
			developmentRegion = en;
			hasScannedForEncodings = 0;
			knownRegions = (
				en,
				Base,
			);
			mainGroup = B5CABC892C39DCBA00F6CEE8;
			productRefGroup = B5CABC932C39DCBA00F6CEE8 /* Products */;
			projectDirPath = "";
			projectReferences = (
				{
					ProductGroup = B54C70DC2C3A5732001F7D30 /* Products */;
					ProjectRef = B54C70C52C3A562C001F7D30 /* Unity-iPhone.xcodeproj */;
				},
			);
			projectRoot = "";
			targets = (
				B5CABC912C39DCBA00F6CEE8 /* Nuspirit */,
				B5CABCA12C39DCBB00F6CEE8 /* NuspiritTests */,
				B5CABCAB2C39DCBB00F6CEE8 /* NuspiritUITests */,
			);
		};
/* End PBXProject section */

/* Begin PBXReferenceProxy section */
		B54C70E32C3A5732001F7D30 /* UnityApp.app */ = {
			isa = PBXReferenceProxy;
			fileType = wrapper.application;
			path = UnityApp.app;
			remoteRef = B54C70E22C3A5732001F7D30 /* PBXContainerItemProxy */;
			sourceTree = BUILT_PRODUCTS_DIR;
		};
		B54C70E52C3A5732001F7D30 /* Unity-iPhone Tests.xctest */ = {
			isa = PBXReferenceProxy;
			fileType = wrapper.cfbundle;
			path = "Unity-iPhone Tests.xctest";
			remoteRef = B54C70E42C3A5732001F7D30 /* PBXContainerItemProxy */;
			sourceTree = BUILT_PRODUCTS_DIR;
		};
		B54C70E72C3A5732001F7D30 /* UnityFramework.framework */ = {
			isa = PBXReferenceProxy;
			fileType = wrapper.framework;
			path = UnityFramework.framework;
			remoteRef = B54C70E62C3A5732001F7D30 /* PBXContainerItemProxy */;
			sourceTree = BUILT_PRODUCTS_DIR;
		};
		B54C70E92C3A5732001F7D30 /* libGameAssembly.a */ = {
			isa = PBXReferenceProxy;
			fileType = archive.ar;
			path = libGameAssembly.a;
			remoteRef = B54C70E82C3A5732001F7D30 /* PBXContainerItemProxy */;
			sourceTree = BUILT_PRODUCTS_DIR;
		};
/* End PBXReferenceProxy section */

/* Begin PBXResourcesBuildPhase section */
		B5CABC902C39DCBA00F6CEE8 /* Resources */ = {
			isa = PBXResourcesBuildPhase;
			buildActionMask = 2147483647;
			files = (
				B5CABC9D2C39DCBB00F6CEE8 /* Preview Assets.xcassets in Resources */,
				B5CABC9A2C39DCBB00F6CEE8 /* Assets.xcassets in Resources */,
			);
			runOnlyForDeploymentPostprocessing = 0;
		};
		B5CABCA02C39DCBB00F6CEE8 /* Resources */ = {
			isa = PBXResourcesBuildPhase;
			buildActionMask = 2147483647;
			files = (
			);
			runOnlyForDeploymentPostprocessing = 0;
		};
		B5CABCAA2C39DCBB00F6CEE8 /* Resources */ = {
			isa = PBXResourcesBuildPhase;
			buildActionMask = 2147483647;
			files = (
			);
			runOnlyForDeploymentPostprocessing = 0;
		};
/* End PBXResourcesBuildPhase section */

/* Begin PBXSourcesBuildPhase section */
		B5CABC8E2C39DCBA00F6CEE8 /* Sources */ = {
			isa = PBXSourcesBuildPhase;
			buildActionMask = 2147483647;
			files = (
				B54C70EB2C3A5742001F7D30 /* NativeAppViewController.swift in Sources */,
				B54C70DB2C3A56A7001F7D30 /* Unity.swift in Sources */,
				B54C713A2C3A7EA8001F7D30 /* ContentView.swift in Sources */,
				B5CABC962C39DCBA00F6CEE8 /* AppDelegate.swift in Sources */,
			);
			runOnlyForDeploymentPostprocessing = 0;
		};
		B5CABC9E2C39DCBB00F6CEE8 /* Sources */ = {
			isa = PBXSourcesBuildPhase;
			buildActionMask = 2147483647;
			files = (
				B5CABCA72C39DCBB00F6CEE8 /* NuspiritTests.swift in Sources */,
			);
			runOnlyForDeploymentPostprocessing = 0;
		};
		B5CABCA82C39DCBB00F6CEE8 /* Sources */ = {
			isa = PBXSourcesBuildPhase;
			buildActionMask = 2147483647;
			files = (
				B5CABCB32C39DCBB00F6CEE8 /* NuspiritUITestsLaunchTests.swift in Sources */,
				B5CABCB12C39DCBB00F6CEE8 /* NuspiritUITests.swift in Sources */,
			);
			runOnlyForDeploymentPostprocessing = 0;
		};
/* End PBXSourcesBuildPhase section */

/* Begin PBXTargetDependency section */
		B5CABCA42C39DCBB00F6CEE8 /* PBXTargetDependency */ = {
			isa = PBXTargetDependency;
			target = B5CABC912C39DCBA00F6CEE8 /* Nuspirit */;
			targetProxy = B5CABCA32C39DCBB00F6CEE8 /* PBXContainerItemProxy */;
		};
		B5CABCAE2C39DCBB00F6CEE8 /* PBXTargetDependency */ = {
			isa = PBXTargetDependency;
			target = B5CABC912C39DCBA00F6CEE8 /* Nuspirit */;
			targetProxy = B5CABCAD2C39DCBB00F6CEE8 /* PBXContainerItemProxy */;
		};
/* End PBXTargetDependency section */

/* Begin XCBuildConfiguration section */
		B5CABCB42C39DCBB00F6CEE8 /* Debug */ = {
			isa = XCBuildConfiguration;
			buildSettings = {
				ALWAYS_SEARCH_USER_PATHS = NO;
				ASSETCATALOG_COMPILER_GENERATE_SWIFT_ASSET_SYMBOL_EXTENSIONS = YES;
				CLANG_ANALYZER_NONNULL = YES;
				CLANG_ANALYZER_NUMBER_OBJECT_CONVERSION = YES_AGGRESSIVE;
				CLANG_CXX_LANGUAGE_STANDARD = "gnu++20";
				CLANG_ENABLE_MODULES = YES;
				CLANG_ENABLE_OBJC_ARC = YES;
				CLANG_ENABLE_OBJC_WEAK = YES;
				CLANG_WARN_BLOCK_CAPTURE_AUTORELEASING = YES;
				CLANG_WARN_BOOL_CONVERSION = YES;
				CLANG_WARN_COMMA = YES;
				CLANG_WARN_CONSTANT_CONVERSION = YES;
				CLANG_WARN_DEPRECATED_OBJC_IMPLEMENTATIONS = YES;
				CLANG_WARN_DIRECT_OBJC_ISA_USAGE = YES_ERROR;
				CLANG_WARN_DOCUMENTATION_COMMENTS = YES;
				CLANG_WARN_EMPTY_BODY = YES;
				CLANG_WARN_ENUM_CONVERSION = YES;
				CLANG_WARN_INFINITE_RECURSION = YES;
				CLANG_WARN_INT_CONVERSION = YES;
				CLANG_WARN_NON_LITERAL_NULL_CONVERSION = YES;
				CLANG_WARN_OBJC_IMPLICIT_RETAIN_SELF = YES;
				CLANG_WARN_OBJC_LITERAL_CONVERSION = YES;
				CLANG_WARN_OBJC_ROOT_CLASS = YES_ERROR;
				CLANG_WARN_QUOTED_INCLUDE_IN_FRAMEWORK_HEADER = YES;
				CLANG_WARN_RANGE_LOOP_ANALYSIS = YES;
				CLANG_WARN_STRICT_PROTOTYPES = YES;
				CLANG_WARN_SUSPICIOUS_MOVE = YES;
				CLANG_WARN_UNGUARDED_AVAILABILITY = YES_AGGRESSIVE;
				CLANG_WARN_UNREACHABLE_CODE = YES;
				CLANG_WARN__DUPLICATE_METHOD_MATCH = YES;
				COPY_PHASE_STRIP = NO;
				DEBUG_INFORMATION_FORMAT = dwarf;
				ENABLE_STRICT_OBJC_MSGSEND = YES;
				ENABLE_TESTABILITY = YES;
				ENABLE_USER_SCRIPT_SANDBOXING = YES;
				GCC_C_LANGUAGE_STANDARD = gnu17;
				GCC_DYNAMIC_NO_PIC = NO;
				GCC_NO_COMMON_BLOCKS = YES;
				GCC_OPTIMIZATION_LEVEL = 0;
				GCC_PREPROCESSOR_DEFINITIONS = (
					"DEBUG=1",
					"$(inherited)",
				);
				GCC_WARN_64_TO_32_BIT_CONVERSION = YES;
				GCC_WARN_ABOUT_RETURN_TYPE = YES_ERROR;
				GCC_WARN_UNDECLARED_SELECTOR = YES;
				GCC_WARN_UNINITIALIZED_AUTOS = YES_AGGRESSIVE;
				GCC_WARN_UNUSED_FUNCTION = YES;
				GCC_WARN_UNUSED_VARIABLE = YES;
				IPHONEOS_DEPLOYMENT_TARGET = 17.5;
				LOCALIZATION_PREFERS_STRING_CATALOGS = YES;
				MTL_ENABLE_DEBUG_INFO = INCLUDE_SOURCE;
				MTL_FAST_MATH = YES;
				ONLY_ACTIVE_ARCH = YES;
				SDKROOT = iphoneos;
				SWIFT_ACTIVE_COMPILATION_CONDITIONS = "DEBUG $(inherited)";
				SWIFT_OPTIMIZATION_LEVEL = "-Onone";
			};
			name = Debug;
		};
		B5CABCB52C39DCBB00F6CEE8 /* Release */ = {
			isa = XCBuildConfiguration;
			buildSettings = {
				ALWAYS_SEARCH_USER_PATHS = NO;
				ASSETCATALOG_COMPILER_GENERATE_SWIFT_ASSET_SYMBOL_EXTENSIONS = YES;
				CLANG_ANALYZER_NONNULL = YES;
				CLANG_ANALYZER_NUMBER_OBJECT_CONVERSION = YES_AGGRESSIVE;
				CLANG_CXX_LANGUAGE_STANDARD = "gnu++20";
				CLANG_ENABLE_MODULES = YES;
				CLANG_ENABLE_OBJC_ARC = YES;
				CLANG_ENABLE_OBJC_WEAK = YES;
				CLANG_WARN_BLOCK_CAPTURE_AUTORELEASING = YES;
				CLANG_WARN_BOOL_CONVERSION = YES;
				CLANG_WARN_COMMA = YES;
				CLANG_WARN_CONSTANT_CONVERSION = YES;
				CLANG_WARN_DEPRECATED_OBJC_IMPLEMENTATIONS = YES;
				CLANG_WARN_DIRECT_OBJC_ISA_USAGE = YES_ERROR;
				CLANG_WARN_DOCUMENTATION_COMMENTS = YES;
				CLANG_WARN_EMPTY_BODY = YES;
				CLANG_WARN_ENUM_CONVERSION = YES;
				CLANG_WARN_INFINITE_RECURSION = YES;
				CLANG_WARN_INT_CONVERSION = YES;
				CLANG_WARN_NON_LITERAL_NULL_CONVERSION = YES;
				CLANG_WARN_OBJC_IMPLICIT_RETAIN_SELF = YES;
				CLANG_WARN_OBJC_LITERAL_CONVERSION = YES;
				CLANG_WARN_OBJC_ROOT_CLASS = YES_ERROR;
				CLANG_WARN_QUOTED_INCLUDE_IN_FRAMEWORK_HEADER = YES;
				CLANG_WARN_RANGE_LOOP_ANALYSIS = YES;
				CLANG_WARN_STRICT_PROTOTYPES = YES;
				CLANG_WARN_SUSPICIOUS_MOVE = YES;
				CLANG_WARN_UNGUARDED_AVAILABILITY = YES_AGGRESSIVE;
				CLANG_WARN_UNREACHABLE_CODE = YES;
				CLANG_WARN__DUPLICATE_METHOD_MATCH = YES;
				COPY_PHASE_STRIP = NO;
				DEBUG_INFORMATION_FORMAT = "dwarf-with-dsym";
				ENABLE_NS_ASSERTIONS = NO;
				ENABLE_STRICT_OBJC_MSGSEND = YES;
				ENABLE_USER_SCRIPT_SANDBOXING = YES;
				GCC_C_LANGUAGE_STANDARD = gnu17;
				GCC_NO_COMMON_BLOCKS = YES;
				GCC_WARN_64_TO_32_BIT_CONVERSION = YES;
				GCC_WARN_ABOUT_RETURN_TYPE = YES_ERROR;
				GCC_WARN_UNDECLARED_SELECTOR = YES;
				GCC_WARN_UNINITIALIZED_AUTOS = YES_AGGRESSIVE;
				GCC_WARN_UNUSED_FUNCTION = YES;
				GCC_WARN_UNUSED_VARIABLE = YES;
				IPHONEOS_DEPLOYMENT_TARGET = 17.5;
				LOCALIZATION_PREFERS_STRING_CATALOGS = YES;
				MTL_ENABLE_DEBUG_INFO = NO;
				MTL_FAST_MATH = YES;
				SDKROOT = iphoneos;
				SWIFT_COMPILATION_MODE = wholemodule;
				VALIDATE_PRODUCT = YES;
			};
			name = Release;
		};
		B5CABCB72C39DCBB00F6CEE8 /* Debug */ = {
			isa = XCBuildConfiguration;
			buildSettings = {
				ASSETCATALOG_COMPILER_APPICON_NAME = AppIcon;
				ASSETCATALOG_COMPILER_GLOBAL_ACCENT_COLOR_NAME = AccentColor;
				CODE_SIGN_ENTITLEMENTS = Nuspirit/Nuspirit.entitlements;
				CODE_SIGN_STYLE = Automatic;
				CURRENT_PROJECT_VERSION = 1;
				DEVELOPMENT_ASSET_PATHS = "\"Nuspirit/Preview Content\"";
				DEVELOPMENT_TEAM = 95G7HLQQGC;
				ENABLE_PREVIEWS = YES;
				GENERATE_INFOPLIST_FILE = YES;
				INFOPLIST_FILE = Nuspirit/Info.plist;
				INFOPLIST_KEY_UIApplicationSceneManifest_Generation = YES;
				INFOPLIST_KEY_UIApplicationSupportsIndirectInputEvents = YES;
				INFOPLIST_KEY_UILaunchScreen_Generation = YES;
				INFOPLIST_KEY_UISupportedInterfaceOrientations_iPad = "UIInterfaceOrientationPortrait UIInterfaceOrientationPortraitUpsideDown UIInterfaceOrientationLandscapeLeft UIInterfaceOrientationLandscapeRight";
				INFOPLIST_KEY_UISupportedInterfaceOrientations_iPhone = "UIInterfaceOrientationPortrait UIInterfaceOrientationLandscapeLeft UIInterfaceOrientationLandscapeRight";
				LD_RUNPATH_SEARCH_PATHS = (
					"$(inherited)",
					"@executable_path/Frameworks",
				);
				MARKETING_VERSION = 1.0;
				PRODUCT_BUNDLE_IDENTIFIER = Chopeland.Nuspirit;
				PRODUCT_NAME = "$(TARGET_NAME)";
				SWIFT_EMIT_LOC_STRINGS = YES;
				SWIFT_VERSION = 5.0;
				TARGETED_DEVICE_FAMILY = "1,2";
			};
			name = Debug;
		};
		B5CABCB82C39DCBB00F6CEE8 /* Release */ = {
			isa = XCBuildConfiguration;
			buildSettings = {
				ASSETCATALOG_COMPILER_APPICON_NAME = AppIcon;
				ASSETCATALOG_COMPILER_GLOBAL_ACCENT_COLOR_NAME = AccentColor;
				CODE_SIGN_ENTITLEMENTS = Nuspirit/Nuspirit.entitlements;
				CODE_SIGN_STYLE = Automatic;
				CURRENT_PROJECT_VERSION = 1;
				DEVELOPMENT_ASSET_PATHS = "\"Nuspirit/Preview Content\"";
				DEVELOPMENT_TEAM = 95G7HLQQGC;
				ENABLE_PREVIEWS = YES;
				GENERATE_INFOPLIST_FILE = YES;
				INFOPLIST_FILE = Nuspirit/Info.plist;
				INFOPLIST_KEY_UIApplicationSceneManifest_Generation = YES;
				INFOPLIST_KEY_UIApplicationSupportsIndirectInputEvents = YES;
				INFOPLIST_KEY_UILaunchScreen_Generation = YES;
				INFOPLIST_KEY_UISupportedInterfaceOrientations_iPad = "UIInterfaceOrientationPortrait UIInterfaceOrientationPortraitUpsideDown UIInterfaceOrientationLandscapeLeft UIInterfaceOrientationLandscapeRight";
				INFOPLIST_KEY_UISupportedInterfaceOrientations_iPhone = "UIInterfaceOrientationPortrait UIInterfaceOrientationLandscapeLeft UIInterfaceOrientationLandscapeRight";
				LD_RUNPATH_SEARCH_PATHS = (
					"$(inherited)",
					"@executable_path/Frameworks",
				);
				MARKETING_VERSION = 1.0;
				PRODUCT_BUNDLE_IDENTIFIER = Chopeland.Nuspirit;
				PRODUCT_NAME = "$(TARGET_NAME)";
				SWIFT_EMIT_LOC_STRINGS = YES;
				SWIFT_VERSION = 5.0;
				TARGETED_DEVICE_FAMILY = "1,2";
			};
			name = Release;
		};
		B5CABCBA2C39DCBB00F6CEE8 /* Debug */ = {
			isa = XCBuildConfiguration;
			buildSettings = {
				ALWAYS_EMBED_SWIFT_STANDARD_LIBRARIES = YES;
				BUNDLE_LOADER = "$(TEST_HOST)";
				CODE_SIGN_STYLE = Automatic;
				CURRENT_PROJECT_VERSION = 1;
				DEVELOPMENT_TEAM = 95G7HLQQGC;
				GENERATE_INFOPLIST_FILE = YES;
				IPHONEOS_DEPLOYMENT_TARGET = 17.5;
				MARKETING_VERSION = 1.0;
				PRODUCT_BUNDLE_IDENTIFIER = Chopeland.NuspiritTests;
				PRODUCT_NAME = "$(TARGET_NAME)";
				SWIFT_EMIT_LOC_STRINGS = NO;
				SWIFT_VERSION = 5.0;
				TARGETED_DEVICE_FAMILY = "1,2";
				TEST_HOST = "$(BUILT_PRODUCTS_DIR)/Nuspirit.app/$(BUNDLE_EXECUTABLE_FOLDER_PATH)/Nuspirit";
			};
			name = Debug;
		};
		B5CABCBB2C39DCBB00F6CEE8 /* Release */ = {
			isa = XCBuildConfiguration;
			buildSettings = {
				ALWAYS_EMBED_SWIFT_STANDARD_LIBRARIES = YES;
				BUNDLE_LOADER = "$(TEST_HOST)";
				CODE_SIGN_STYLE = Automatic;
				CURRENT_PROJECT_VERSION = 1;
				DEVELOPMENT_TEAM = 95G7HLQQGC;
				GENERATE_INFOPLIST_FILE = YES;
				IPHONEOS_DEPLOYMENT_TARGET = 17.5;
				MARKETING_VERSION = 1.0;
				PRODUCT_BUNDLE_IDENTIFIER = Chopeland.NuspiritTests;
				PRODUCT_NAME = "$(TARGET_NAME)";
				SWIFT_EMIT_LOC_STRINGS = NO;
				SWIFT_VERSION = 5.0;
				TARGETED_DEVICE_FAMILY = "1,2";
				TEST_HOST = "$(BUILT_PRODUCTS_DIR)/Nuspirit.app/$(BUNDLE_EXECUTABLE_FOLDER_PATH)/Nuspirit";
			};
			name = Release;
		};
		B5CABCBD2C39DCBB00F6CEE8 /* Debug */ = {
			isa = XCBuildConfiguration;
			buildSettings = {
				ALWAYS_EMBED_SWIFT_STANDARD_LIBRARIES = YES;
				CODE_SIGN_STYLE = Automatic;
				CURRENT_PROJECT_VERSION = 1;
				DEVELOPMENT_TEAM = 95G7HLQQGC;
				GENERATE_INFOPLIST_FILE = YES;
				MARKETING_VERSION = 1.0;
				PRODUCT_BUNDLE_IDENTIFIER = Chopeland.NuspiritUITests;
				PRODUCT_NAME = "$(TARGET_NAME)";
				SWIFT_EMIT_LOC_STRINGS = NO;
				SWIFT_VERSION = 5.0;
				TARGETED_DEVICE_FAMILY = "1,2";
				TEST_TARGET_NAME = Nuspirit;
			};
			name = Debug;
		};
		B5CABCBE2C39DCBB00F6CEE8 /* Release */ = {
			isa = XCBuildConfiguration;
			buildSettings = {
				ALWAYS_EMBED_SWIFT_STANDARD_LIBRARIES = YES;
				CODE_SIGN_STYLE = Automatic;
				CURRENT_PROJECT_VERSION = 1;
				DEVELOPMENT_TEAM = 95G7HLQQGC;
				GENERATE_INFOPLIST_FILE = YES;
				MARKETING_VERSION = 1.0;
				PRODUCT_BUNDLE_IDENTIFIER = Chopeland.NuspiritUITests;
				PRODUCT_NAME = "$(TARGET_NAME)";
				SWIFT_EMIT_LOC_STRINGS = NO;
				SWIFT_VERSION = 5.0;
				TARGETED_DEVICE_FAMILY = "1,2";
				TEST_TARGET_NAME = Nuspirit;
			};
			name = Release;
		};
/* End XCBuildConfiguration section */

/* Begin XCConfigurationList section */
		B5CABC8D2C39DCBA00F6CEE8 /* Build configuration list for PBXProject "Nuspirit" */ = {
			isa = XCConfigurationList;
			buildConfigurations = (
				B5CABCB42C39DCBB00F6CEE8 /* Debug */,
				B5CABCB52C39DCBB00F6CEE8 /* Release */,
			);
			defaultConfigurationIsVisible = 0;
			defaultConfigurationName = Release;
		};
		B5CABCB62C39DCBB00F6CEE8 /* Build configuration list for PBXNativeTarget "Nuspirit" */ = {
			isa = XCConfigurationList;
			buildConfigurations = (
				B5CABCB72C39DCBB00F6CEE8 /* Debug */,
				B5CABCB82C39DCBB00F6CEE8 /* Release */,
			);
			defaultConfigurationIsVisible = 0;
			defaultConfigurationName = Release;
		};
		B5CABCB92C39DCBB00F6CEE8 /* Build configuration list for PBXNativeTarget "NuspiritTests" */ = {
			isa = XCConfigurationList;
			buildConfigurations = (
				B5CABCBA2C39DCBB00F6CEE8 /* Debug */,
				B5CABCBB2C39DCBB00F6CEE8 /* Release */,
			);
			defaultConfigurationIsVisible = 0;
			defaultConfigurationName = Release;
		};
		B5CABCBC2C39DCBB00F6CEE8 /* Build configuration list for PBXNativeTarget "NuspiritUITests" */ = {
			isa = XCConfigurationList;
			buildConfigurations = (
				B5CABCBD2C39DCBB00F6CEE8 /* Debug */,
				B5CABCBE2C39DCBB00F6CEE8 /* Release */,
			);
			defaultConfigurationIsVisible = 0;
			defaultConfigurationName = Release;
		};
/* End XCConfigurationList section */
	};
	rootObject = B5CABC8A2C39DCBA00F6CEE8 /* Project object */;
}
